// !$*UTF8*$!
{
	archiveVersion = 1;
	classes = {
	};
	objectVersion = 50;
	objects = {

/* Begin PBXBuildFile section */
		3FA0843E24556550002A5FD6 /* AppDelegate.m in Sources */ = {isa = PBXBuildFile; fileRef = 3FA0843D24556550002A5FD6 /* AppDelegate.m */; };
		3FA0844124556550002A5FD6 /* SceneDelegate.m in Sources */ = {isa = PBXBuildFile; fileRef = 3FA0844024556550002A5FD6 /* SceneDelegate.m */; };
		3FA0844424556550002A5FD6 /* ViewController.m in Sources */ = {isa = PBXBuildFile; fileRef = 3FA0844324556550002A5FD6 /* ViewController.m */; };
		3FA0844724556550002A5FD6 /* Main.storyboard in Resources */ = {isa = PBXBuildFile; fileRef = 3FA0844524556550002A5FD6 /* Main.storyboard */; };
		3FA0844924556552002A5FD6 /* Assets.xcassets in Resources */ = {isa = PBXBuildFile; fileRef = 3FA0844824556552002A5FD6 /* Assets.xcassets */; };
		3FA0844C24556552002A5FD6 /* LaunchScreen.storyboard in Resources */ = {isa = PBXBuildFile; fileRef = 3FA0844A24556552002A5FD6 /* LaunchScreen.storyboard */; };
		3FA0844F24556552002A5FD6 /* main.m in Sources */ = {isa = PBXBuildFile; fileRef = 3FA0844E24556552002A5FD6 /* main.m */; };
		3FA0845C2455674D002A5FD6 /* JumpToAppStore.m in Sources */ = {isa = PBXBuildFile; fileRef = 3FA0845B2455674C002A5FD6 /* JumpToAppStore.m */; };
/* End PBXBuildFile section */

/* Begin PBXFileReference section */
		3FA0843924556550002A5FD6 /* BaseTool.app */ = {isa = PBXFileReference; explicitFileType = wrapper.application; includeInIndex = 0; path = BaseTool.app; sourceTree = BUILT_PRODUCTS_DIR; };
		3FA0843C24556550002A5FD6 /* AppDelegate.h */ = {isa = PBXFileReference; lastKnownFileType = sourcecode.c.h; path = AppDelegate.h; sourceTree = "<group>"; };
		3FA0843D24556550002A5FD6 /* AppDelegate.m */ = {isa = PBXFileReference; lastKnownFileType = sourcecode.c.objc; path = AppDelegate.m; sourceTree = "<group>"; };
		3FA0843F24556550002A5FD6 /* SceneDelegate.h */ = {isa = PBXFileReference; lastKnownFileType = sourcecode.c.h; path = SceneDelegate.h; sourceTree = "<group>"; };
		3FA0844024556550002A5FD6 /* SceneDelegate.m */ = {isa = PBXFileReference; lastKnownFileType = sourcecode.c.objc; path = SceneDelegate.m; sourceTree = "<group>"; };
		3FA0844224556550002A5FD6 /* ViewController.h */ = {isa = PBXFileReference; lastKnownFileType = sourcecode.c.h; path = ViewController.h; sourceTree = "<group>"; };
		3FA0844324556550002A5FD6 /* ViewController.m */ = {isa = PBXFileReference; lastKnownFileType = sourcecode.c.objc; path = ViewController.m; sourceTree = "<group>"; };
		3FA0844624556550002A5FD6 /* Base */ = {isa = PBXFileReference; lastKnownFileType = file.storyboard; name = Base; path = Base.lproj/Main.storyboard; sourceTree = "<group>"; };
		3FA0844824556552002A5FD6 /* Assets.xcassets */ = {isa = PBXFileReference; lastKnownFileType = folder.assetcatalog; path = Assets.xcassets; sourceTree = "<group>"; };
		3FA0844B24556552002A5FD6 /* Base */ = {isa = PBXFileReference; lastKnownFileType = file.storyboard; name = Base; path = Base.lproj/LaunchScreen.storyboard; sourceTree = "<group>"; };
		3FA0844D24556552002A5FD6 /* Info.plist */ = {isa = PBXFileReference; lastKnownFileType = text.plist.xml; path = Info.plist; sourceTree = "<group>"; };
		3FA0844E24556552002A5FD6 /* main.m */ = {isa = PBXFileReference; lastKnownFileType = sourcecode.c.objc; path = main.m; sourceTree = "<group>"; };
		3FA0845A2455674C002A5FD6 /* JumpToAppStore.h */ = {isa = PBXFileReference; fileEncoding = 4; lastKnownFileType = sourcecode.c.h; path = JumpToAppStore.h; sourceTree = "<group>"; };
		3FA0845B2455674C002A5FD6 /* JumpToAppStore.m */ = {isa = PBXFileReference; fileEncoding = 4; lastKnownFileType = sourcecode.c.objc; path = JumpToAppStore.m; sourceTree = "<group>"; };
/* End PBXFileReference section */

/* Begin PBXFrameworksBuildPhase section */
		3FA0843624556550002A5FD6 /* Frameworks */ = {
			isa = PBXFrameworksBuildPhase;
			buildActionMask = 2147483647;
			files = (
			);
			runOnlyForDeploymentPostprocessing = 0;
		};
/* End PBXFrameworksBuildPhase section */

/* Begin PBXGroup section */
		3FA0843024556550002A5FD6 = {
			isa = PBXGroup;
			children = (
				3FA0843B24556550002A5FD6 /* BaseTool */,
				3FA0843A24556550002A5FD6 /* Products */,
			);
			sourceTree = "<group>";
		};
		3FA0843A24556550002A5FD6 /* Products */ = {
			isa = PBXGroup;
			children = (
				3FA0843924556550002A5FD6 /* BaseTool.app */,
			);
			name = Products;
			sourceTree = "<group>";
		};
		3FA0843B24556550002A5FD6 /* BaseTool */ = {
			isa = PBXGroup;
			children = (
				3FA084592455674C002A5FD6 /* Tool */,
				3FA0843C24556550002A5FD6 /* AppDelegate.h */,
				3FA0843D24556550002A5FD6 /* AppDelegate.m */,
				3FA0843F24556550002A5FD6 /* SceneDelegate.h */,
				3FA0844024556550002A5FD6 /* SceneDelegate.m */,
				3FA0844224556550002A5FD6 /* ViewController.h */,
				3FA0844324556550002A5FD6 /* ViewController.m */,
				3FA0844524556550002A5FD6 /* Main.storyboard */,
				3FA0844824556552002A5FD6 /* Assets.xcassets */,
				3FA0844A24556552002A5FD6 /* LaunchScreen.storyboard */,
				3FA0844D24556552002A5FD6 /* Info.plist */,
				3FA0844E24556552002A5FD6 /* main.m */,
			);
			path = BaseTool;
			sourceTree = "<group>";
		};
		3FA084592455674C002A5FD6 /* Tool */ = {
			isa = PBXGroup;
			children = (
				3FA0845A2455674C002A5FD6 /* JumpToAppStore.h */,
				3FA0845B2455674C002A5FD6 /* JumpToAppStore.m */,
			);
			path = Tool;
			sourceTree = "<group>";
		};
/* End PBXGroup section */

/* Begin PBXNativeTarget section */
		3FA0843824556550002A5FD6 /* BaseTool */ = {
			isa = PBXNativeTarget;
			buildConfigurationList = 3FA0845224556552002A5FD6 /* Build configuration list for PBXNativeTarget "BaseTool" */;
			buildPhases = (
				3FA0843524556550002A5FD6 /* Sources */,
				3FA0843624556550002A5FD6 /* Frameworks */,
				3FA0843724556550002A5FD6 /* Resources */,
			);
			buildRules = (
			);
			dependencies = (
			);
			name = BaseTool;
			productName = BaseTool;
			productReference = 3FA0843924556550002A5FD6 /* BaseTool.app */;
			productType = "com.apple.product-type.application";
		};
/* End PBXNativeTarget section */

/* Begin PBXProject section */
		3FA0843124556550002A5FD6 /* Project object */ = {
			isa = PBXProject;
			attributes = {
				LastUpgradeCheck = 1130;
				ORGANIZATIONNAME = PC;
				TargetAttributes = {
					3FA0843824556550002A5FD6 = {
						CreatedOnToolsVersion = 11.3.1;
					};
				};
			};
			buildConfigurationList = 3FA0843424556550002A5FD6 /* Build configuration list for PBXProject "BaseTool" */;
			compatibilityVersion = "Xcode 9.3";
			developmentRegion = en;
			hasScannedForEncodings = 0;
			knownRegions = (
				en,
				Base,
			);
			mainGroup = 3FA0843024556550002A5FD6;
			productRefGroup = 3FA0843A24556550002A5FD6 /* Products */;
			projectDirPath = "";
			projectRoot = "";
			targets = (
				3FA0843824556550002A5FD6 /* BaseTool */,
			);
		};
/* End PBXProject section */

/* Begin PBXResourcesBuildPhase section */
		3FA0843724556550002A5FD6 /* Resources */ = {
			isa = PBXResourcesBuildPhase;
			buildActionMask = 2147483647;
			files = (
				3FA0844C24556552002A5FD6 /* LaunchScreen.storyboard in Resources */,
				3FA0844924556552002A5FD6 /* Assets.xcassets in Resources */,
				3FA0844724556550002A5FD6 /* Main.storyboard in Resources */,
			);
			runOnlyForDeploymentPostprocessing = 0;
		};
/* End PBXResourcesBuildPhase section */

/* Begin PBXSourcesBuildPhase section */
		3FA0843524556550002A5FD6 /* Sources */ = {
			isa = PBXSourcesBuildPhase;
			buildActionMask = 2147483647;
			files = (
				3FA0844424556550002A5FD6 /* ViewController.m in Sources */,
				3FA0843E24556550002A5FD6 /* AppDelegate.m in Sources */,
				3FA0844F24556552002A5FD6 /* main.m in Sources */,
				3FA0844124556550002A5FD6 /* SceneDelegate.m in Sources */,
				3FA0845C2455674D002A5FD6 /* JumpToAppStore.m in Sources */,
			);
			runOnlyForDeploymentPostprocessing = 0;
		};
/* End PBXSourcesBuildPhase section */

/* Begin PBXVariantGroup section */
		3FA0844524556550002A5FD6 /* Main.storyboard */ = {
			isa = PBXVariantGroup;
			children = (
				3FA0844624556550002A5FD6 /* Base */,
			);
			name = Main.storyboard;
			sourceTree = "<group>";
		};
		3FA0844A24556552002A5FD6 /* LaunchScreen.storyboard */ = {
			isa = PBXVariantGroup;
			children = (
				3FA0844B24556552002A5FD6 /* Base */,
			);
			name = LaunchScreen.storyboard;
			sourceTree = "<group>";
		};
/* End PBXVariantGroup section */

/* Begin XCBuildConfiguration section */
		3FA0845024556552002A5FD6 /* Debug */ = {
			isa = XCBuildConfiguration;
			buildSettings = {
				ALWAYS_SEARCH_USER_PATHS = NO;
				CLANG_ANALYZER_NONNULL = YES;
				CLANG_ANALYZER_NUMBER_OBJECT_CONVERSION = YES_AGGRESSIVE;
				CLANG_CXX_LANGUAGE_STANDARD = "gnu++14";
				CLANG_CXX_LIBRARY = "libc++";
				CLANG_ENABLE_MODULES = YES;
				CLANG_ENABLE_OBJC_ARC = YES;
				CLANG_ENABLE_OBJC_WEAK = YES;
				CLANG_WARN_BLOCK_CAPTURE_AUTORELEASING = YES;
				CLANG_WARN_BOOL_CONVERSION = YES;
				CLANG_WARN_COMMA = YES;
				CLANG_WARN_CONSTANT_CONVERSION = YES;
				CLANG_WARN_DEPRECATED_OBJC_IMPLEMENTATIONS = YES;
				CLANG_WARN_DIRECT_OBJC_ISA_USAGE = YES_ERROR;
				CLANG_WARN_DOCUMENTATION_COMMENTS = YES;
				CLANG_WARN_EMPTY_BODY = YES;
				CLANG_WARN_ENUM_CONVERSION = YES;
				CLANG_WARN_INFINITE_RECURSION = YES;
				CLANG_WARN_INT_CONVERSION = YES;
				CLANG_WARN_NON_LITERAL_NULL_CONVERSION = YES;
				CLANG_WARN_OBJC_IMPLICIT_RETAIN_SELF = YES;
				CLANG_WARN_OBJC_LITERAL_CONVERSION = YES;
				CLANG_WARN_OBJC_ROOT_CLASS = YES_ERROR;
				CLANG_WARN_RANGE_LOOP_ANALYSIS = YES;
				CLANG_WARN_STRICT_PROTOTYPES = YES;
				CLANG_WARN_SUSPICIOUS_MOVE = YES;
				CLANG_WARN_UNGUARDED_AVAILABILITY = YES_AGGRESSIVE;
				CLANG_WARN_UNREACHABLE_CODE = YES;
				CLANG_WARN__DUPLICATE_METHOD_MATCH = YES;
				COPY_PHASE_STRIP = NO;
				DEBUG_INFORMATION_FORMAT = dwarf;
				ENABLE_STRICT_OBJC_MSGSEND = YES;
				ENABLE_TESTABILITY = YES;
				GCC_C_LANGUAGE_STANDARD = gnu11;
				GCC_DYNAMIC_NO_PIC = NO;
				GCC_NO_COMMON_BLOCKS = YES;
				GCC_OPTIMIZATION_LEVEL = 0;
				GCC_PREPROCESSOR_DEFINITIONS = (
					"DEBUG=1",
					"$(inherited)",
				);
				GCC_WARN_64_TO_32_BIT_CONVERSION = YES;
				GCC_WARN_ABOUT_RETURN_TYPE = YES_ERROR;
				GCC_WARN_UNDECLARED_SELECTOR = YES;
				GCC_WARN_UNINITIALIZED_AUTOS = YES_AGGRESSIVE;
				GCC_WARN_UNUSED_FUNCTION = YES;
				GCC_WARN_UNUSED_VARIABLE = YES;
				IPHONEOS_DEPLOYMENT_TARGET = 13.2;
				MTL_ENABLE_DEBUG_INFO = INCLUDE_SOURCE;
				MTL_FAST_MATH = YES;
				ONLY_ACTIVE_ARCH = YES;
				SDKROOT = iphoneos;
			};
			name = Debug;
		};
		3FA0845124556552002A5FD6 /* Release */ = {
			isa = XCBuildConfiguration;
			buildSettings = {
				ALWAYS_SEARCH_USER_PATHS = NO;
				CLANG_ANALYZER_NONNULL = YES;
				CLANG_ANALYZER_NUMBER_OBJECT_CONVERSION = YES_AGGRESSIVE;
				CLANG_CXX_LANGUAGE_STANDARD = "gnu++14";
				CLANG_CXX_LIBRARY = "libc++";
				CLANG_ENABLE_MODULES = YES;
				CLANG_ENABLE_OBJC_ARC = YES;
				CLANG_ENABLE_OBJC_WEAK = YES;
				CLANG_WARN_BLOCK_CAPTURE_AUTORELEASING = YES;
				CLANG_WARN_BOOL_CONVERSION = YES;
				CLANG_WARN_COMMA = YES;
				CLANG_WARN_CONSTANT_CONVERSION = YES;
				CLANG_WARN_DEPRECATED_OBJC_IMPLEMENTATIONS = YES;
				CLANG_WARN_DIRECT_OBJC_ISA_USAGE = YES_ERROR;
				CLANG_WARN_DOCUMENTATION_COMMENTS = YES;
				CLANG_WARN_EMPTY_BODY = YES;
				CLANG_WARN_ENUM_CONVERSION = YES;
				CLANG_WARN_INFINITE_RECURSION = YES;
				CLANG_WARN_INT_CONVERSION = YES;
				CLANG_WARN_NON_LITERAL_NULL_CONVERSION = YES;
				CLANG_WARN_OBJC_IMPLICIT_RETAIN_SELF = YES;
				CLANG_WARN_OBJC_LITERAL_CONVERSION = YES;
				CLANG_WARN_OBJC_ROOT_CLASS = YES_ERROR;
				CLANG_WARN_RANGE_LOOP_ANALYSIS = YES;
				CLANG_WARN_STRICT_PROTOTYPES = YES;
				CLANG_WARN_SUSPICIOUS_MOVE = YES;
				CLANG_WARN_UNGUARDED_AVAILABILITY = YES_AGGRESSIVE;
				CLANG_WARN_UNREACHABLE_CODE = YES;
				CLANG_WARN__DUPLICATE_METHOD_MATCH = YES;
				COPY_PHASE_STRIP = NO;
				DEBUG_INFORMATION_FORMAT = "dwarf-with-dsym";
				ENABLE_NS_ASSERTIONS = NO;
				ENABLE_STRICT_OBJC_MSGSEND = YES;
				GCC_C_LANGUAGE_STANDARD = gnu11;
				GCC_NO_COMMON_BLOCKS = YES;
				GCC_WARN_64_TO_32_BIT_CONVERSION = YES;
				GCC_WARN_ABOUT_RETURN_TYPE = YES_ERROR;
				GCC_WARN_UNDECLARED_SELECTOR = YES;
				GCC_WARN_UNINITIALIZED_AUTOS = YES_AGGRESSIVE;
				GCC_WARN_UNUSED_FUNCTION = YES;
				GCC_WARN_UNUSED_VARIABLE = YES;
				IPHONEOS_DEPLOYMENT_TARGET = 13.2;
				MTL_ENABLE_DEBUG_INFO = NO;
				MTL_FAST_MATH = YES;
				SDKROOT = iphoneos;
				VALIDATE_PRODUCT = YES;
			};
			name = Release;
		};
		3FA0845324556552002A5FD6 /* Debug */ = {
			isa = XCBuildConfiguration;
			buildSettings = {
				ASSETCATALOG_COMPILER_APPICON_NAME = AppIcon;
				CODE_SIGN_STYLE = Automatic;
				DEVELOPMENT_TEAM = 39E8LG3NH3;
				INFOPLIST_FILE = BaseTool/Info.plist;
				IPHONEOS_DEPLOYMENT_TARGET = 10.0;
				LD_RUNPATH_SEARCH_PATHS = (
					"$(inherited)",
					"@executable_path/Frameworks",
				);
				PRODUCT_BUNDLE_IDENTIFIER = com.sayaDev.BaseTool;
				PRODUCT_NAME = "$(TARGET_NAME)";
				TARGETED_DEVICE_FAMILY = "1,2";
			};
			name = Debug;
		};
		3FA0845424556552002A5FD6 /* Release */ = {
			isa = XCBuildConfiguration;
			buildSettings = {
				ASSETCATALOG_COMPILER_APPICON_NAME = AppIcon;
				CODE_SIGN_STYLE = Automatic;
				DEVELOPMENT_TEAM = 39E8LG3NH3;
				INFOPLIST_FILE = BaseTool/Info.plist;
				IPHONEOS_DEPLOYMENT_TARGET = 10.0;
				LD_RUNPATH_SEARCH_PATHS = (
					"$(inherited)",
					"@executable_path/Frameworks",
				);
				PRODUCT_BUNDLE_IDENTIFIER = com.sayaDev.BaseTool;
				PRODUCT_NAME = "$(TARGET_NAME)";
				TARGETED_DEVICE_FAMILY = "1,2";
			};
			name = Release;
		};
/* End XCBuildConfiguration section */

/* Begin XCConfigurationList section */
		3FA0843424556550002A5FD6 /* Build configuration list for PBXProject "BaseTool" */ = {
			isa = XCConfigurationList;
			buildConfigurations = (
				3FA0845024556552002A5FD6 /* Debug */,
				3FA0845124556552002A5FD6 /* Release */,
			);
			defaultConfigurationIsVisible = 0;
			defaultConfigurationName = Release;
		};
		3FA0845224556552002A5FD6 /* Build configuration list for PBXNativeTarget "BaseTool" */ = {
			isa = XCConfigurationList;
			buildConfigurations = (
				3FA0845324556552002A5FD6 /* Debug */,
				3FA0845424556552002A5FD6 /* Release */,
			);
			defaultConfigurationIsVisible = 0;
			defaultConfigurationName = Release;
		};
/* End XCConfigurationList section */
	};
	rootObject = 3FA0843124556550002A5FD6 /* Project object */;
}
