PODS:
  - IQKeyboardManager (6.5.19)
  - Masonry (1.2.0)
  - MBProgressHUD (1.2.0)
  - TKBaseKit/Privacy (2.2.4)
  - TKBaseKit/TKSDKUniversal (2.2.4):
    - TKBaseKit/Privacy
  - TKPermissionKit/Camera (1.2.8):
    - TKPermissionKit/Public
  - TKPermissionKit/Photo (1.2.8):
    - TKPermissionKit/Public
  - TKPermissionKit/Public (1.2.8)
  - TKUIKit (0.0.4):
    - TKUIKit/Anim (= 0.0.4)
    - TKUIKit/Core (= 0.0.4)
    - TKUIKit/Tool (= 0.0.4)
    - TKUIKit/View (= 0.0.4)
  - TKUIKit/Anim (0.0.4):
    - TKUIKit/Core
  - TKUIKit/Core (0.0.4):
    - MBProgressHUD
    - TKBaseKit/TKSDKUniversal
    - TKPermissionKit/Camera
    - TKPermissionKit/Photo
  - TKUIKit/Tool (0.0.4):
    - TKUIKit/Core
  - TKUIKit/View (0.0.4):
    - TKUIKit/Anim
    - TKUIKit/Core

DEPENDENCIES:
  - IQKeyboardManager
  - Masonry (from `https://github.com/ctsfork/Masonry.git`)
  - TKUIKit

SPEC REPOS:
  trunk:
    - IQKeyboardManager
    - MBProgressHUD
    - TKBaseKit
    - TKPermissionKit
    - TKUIKit

EXTERNAL SOURCES:
  Masonry:
    :git: https://github.com/ctsfork/Masonry.git

CHECKOUT OPTIONS:
  Masonry:
    :commit: 8038ff4fe34ef5537f1afca66d7ef9bf9804c06a
    :git: https://github.com/ctsfork/Masonry.git

SPEC CHECKSUMS:
  IQKeyboardManager: c8665b3396bd0b79402b4c573eac345a31c7d485
  Masonry: 37b972a2dbfb80e23ece08614267a16251d607ef
  MBProgressHUD: 3ee5efcc380f6a79a7cc9b363dd669c5e1ae7406
  TKBaseKit: 54c8f5e01f0810e67c3f65e2c9560b9b0b7b9ef0
  TKPermissionKit: 7553969596a8e918eebca85a684b44c36241c0c4
  TKUIKit: a5a5aff02d0301199e3209e99d235d5cbd85d615

PODFILE CHECKSUM: f2b675826044848242ef009e893495e91285e193

COCOAPODS: 1.15.2
