PODS:
  - AFNetworking/NSURLSession (3.2.1):
    - AFNetworking/Reachability
    - AFNetworking/Security
    - AFNetworking/Serialization
  - AFNetworking/Reachability (3.2.1)
  - AFNetworking/Security (3.2.1)
  - AFNetworking/Serialization (3.2.1)
  - GTMBase64 (1.0.1)
  - Masonry (1.1.0)
  - MJRefresh (3.3.1)
  - TKBaseKit (2.0):
    - TKBaseKit/TKSDKTool (= 2.0)
    - TKBaseKit/TKSDKUniversal (= 2.0)
  - TKBaseKit/TKSDKTool (2.0):
    - AFNetworking/NSURLSession (~> 3.2.1)
    - AFNetworking/Reachability (~> 3.2.1)
    - AFNetworking/Security (~> 3.2.1)
    - AFNetworking/Serialization (~> 3.2.1)
    - GTMBase64 (~> 1.0.1)
    - Masonry
    - MJRefresh (~> 3.3.1)
  - TKBaseKit/TKSDKUniversal (2.0)

DEPENDENCIES:
  - TKBaseKit (~> 2.0)

SPEC REPOS:
  https://github.com/CocoaPods/Specs.git:
    - AFNetworking
    - GTMBase64
    - Masonry
    - MJRefresh
    - TKBaseKit

SPEC CHECKSUMS:
  AFNetworking: b6f891fdfaed196b46c7a83cf209e09697b94057
  GTMBase64: f0f91be06a7a20b84c8e4fee30c0430395091d82
  Masonry: 678fab65091a9290e40e2832a55e7ab731aad201
  MJRefresh: eeda70fbf0ad277f3178cef1cd0c3532591d6237
  TKBaseKit: 7c7d955b8c0a454d7519cd7d4ddf5af85b16b5cf

PODFILE CHECKSUM: 00fe09806662c5a74e3fc7e841790f8f4f75b1d9

COCOAPODS: 1.9.1
