// !$*UTF8*$!
{
	archiveVersion = 1;
	classes = {
	};
	objectVersion = 51;
	objects = {

/* Begin PBXBuildFile section */
		3F0A8F692894FFBE009C8BEE /* AppDelegate.m in Sources */ = {isa = PBXBuildFile; fileRef = 3F0A8F682894FFBE009C8BEE /* AppDelegate.m */; };
		3F0A8F6C2894FFBE009C8BEE /* SceneDelegate.m in Sources */ = {isa = PBXBuildFile; fileRef = 3F0A8F6B2894FFBE009C8BEE /* SceneDelegate.m */; };
		3F0A8F6F2894FFBE009C8BEE /* ViewController.m in Sources */ = {isa = PBXBuildFile; fileRef = 3F0A8F6E2894FFBE009C8BEE /* ViewController.m */; };
		3F0A8F722894FFBE009C8BEE /* Main.storyboard in Resources */ = {isa = PBXBuildFile; fileRef = 3F0A8F702894FFBE009C8BEE /* Main.storyboard */; };
		3F0A8F742894FFC8009C8BEE /* Assets.xcassets in Resources */ = {isa = PBXBuildFile; fileRef = 3F0A8F732894FFC8009C8BEE /* Assets.xcassets */; };
		3F0A8F772894FFC8009C8BEE /* LaunchScreen.storyboard in Resources */ = {isa = PBXBuildFile; fileRef = 3F0A8F752894FFC8009C8BEE /* LaunchScreen.storyboard */; };
		3F0A8F7A2894FFC8009C8BEE /* main.m in Sources */ = {isa = PBXBuildFile; fileRef = 3F0A8F792894FFC8009C8BEE /* main.m */; };
		3F0A8F8728950050009C8BEE /* BaseViewController.m in Sources */ = {isa = PBXBuildFile; fileRef = 3F0A8F8628950050009C8BEE /* BaseViewController.m */; };
		3F0A8F9528950092009C8BEE /* TableViewController.m in Sources */ = {isa = PBXBuildFile; fileRef = 3F0A8F9428950092009C8BEE /* TableViewController.m */; };
		3F0A8F99289500B3009C8BEE /* NavigationViewController.m in Sources */ = {isa = PBXBuildFile; fileRef = 3F0A8F98289500B3009C8BEE /* NavigationViewController.m */; };
		3F0A8F9E289500DF009C8BEE /* TabBarViewController.m in Sources */ = {isa = PBXBuildFile; fileRef = 3F0A8F9D289500DF009C8BEE /* TabBarViewController.m */; };
		3F0D3A602ABC93E1003C993E /* JumpToAppStoreViewController.m in Sources */ = {isa = PBXBuildFile; fileRef = 3F0D3A5F2ABC93E1003C993E /* JumpToAppStoreViewController.m */; };
		3F0D3A632ABC94C9003C993E /* JumpToAppStore.m in Sources */ = {isa = PBXBuildFile; fileRef = 3F0D3A612ABC94C9003C993E /* JumpToAppStore.m */; };
		3F378D99289687E000F1533C /* UIButton+Factory.m in Sources */ = {isa = PBXBuildFile; fileRef = 3F378D98289687E000F1533C /* UIButton+Factory.m */; };
		3F378D9D2896880600F1533C /* UIControl+Factory.m in Sources */ = {isa = PBXBuildFile; fileRef = 3F378D9C2896880600F1533C /* UIControl+Factory.m */; };
		3F378DA128969DED00F1533C /* TKSearchBarFactory.m in Sources */ = {isa = PBXBuildFile; fileRef = 3F378DA028969DED00F1533C /* TKSearchBarFactory.m */; };
		3F4047F628951834004CBD35 /* LabelCell.m in Sources */ = {isa = PBXBuildFile; fileRef = 3F4047F528951834004CBD35 /* LabelCell.m */; };
		3F4047FD28951911004CBD35 /* TKColorManager.m in Sources */ = {isa = PBXBuildFile; fileRef = 3F4047FC28951911004CBD35 /* TKColorManager.m */; };
		3F40480128951AF1004CBD35 /* OneTableViewController.m in Sources */ = {isa = PBXBuildFile; fileRef = 3F40480028951AF1004CBD35 /* OneTableViewController.m */; };
		3F40480528951AFB004CBD35 /* TwoTableViewController.m in Sources */ = {isa = PBXBuildFile; fileRef = 3F40480428951AFB004CBD35 /* TwoTableViewController.m */; };
		3F40480928951CCD004CBD35 /* ClassTypeModel.m in Sources */ = {isa = PBXBuildFile; fileRef = 3F40480828951CCD004CBD35 /* ClassTypeModel.m */; };
		3F40480D28951E49004CBD35 /* ColorViewController.m in Sources */ = {isa = PBXBuildFile; fileRef = 3F40480C28951E49004CBD35 /* ColorViewController.m */; };
		3F40481128951E5C004CBD35 /* FontViewController.m in Sources */ = {isa = PBXBuildFile; fileRef = 3F40481028951E5C004CBD35 /* FontViewController.m */; };
		3F46179F28A3951400EFBE6D /* FlowView.m in Sources */ = {isa = PBXBuildFile; fileRef = 3F46179E28A3951400EFBE6D /* FlowView.m */; };
		3F4617A328A3953600EFBE6D /* FlowViewController.m in Sources */ = {isa = PBXBuildFile; fileRef = 3F4617A228A3953600EFBE6D /* FlowViewController.m */; };
		3F4617A728A3BD7D00EFBE6D /* LaunchImageViewController.m in Sources */ = {isa = PBXBuildFile; fileRef = 3F4617A628A3BD7D00EFBE6D /* LaunchImageViewController.m */; };
		3F4617AB28A3C6E400EFBE6D /* TKDynamicLaunchImage.m in Sources */ = {isa = PBXBuildFile; fileRef = 3F4617AA28A3C6E400EFBE6D /* TKDynamicLaunchImage.m */; };
		3F4962B028952BB900F471F2 /* TKFontManager.m in Sources */ = {isa = PBXBuildFile; fileRef = 3F4962AC28952BB900F471F2 /* TKFontManager.m */; };
		3F4962B128952BB900F471F2 /* Aa可爱日系中文-AaKADRXZW.ttf in Resources */ = {isa = PBXBuildFile; fileRef = 3F4962AD28952BB900F471F2 /* Aa可爱日系中文-AaKADRXZW.ttf */; };
		3F4962B228952BB900F471F2 /* dynamic-AaJianHaoTi.ttf in Resources */ = {isa = PBXBuildFile; fileRef = 3F4962AF28952BB900F471F2 /* dynamic-AaJianHaoTi.ttf */; };
		3F4962B62895320D00F471F2 /* TKLableFactory.m in Sources */ = {isa = PBXBuildFile; fileRef = 3F4962B52895320D00F471F2 /* TKLableFactory.m */; };
		3F4962BA2895323800F471F2 /* TKButtonFactory.m in Sources */ = {isa = PBXBuildFile; fileRef = 3F4962B92895323800F471F2 /* TKButtonFactory.m */; };
		3F61A5CA28A909E300880DCC /* UIViewController+ThemeEnvironment.m in Sources */ = {isa = PBXBuildFile; fileRef = 3F61A5C928A909E300880DCC /* UIViewController+ThemeEnvironment.m */; };
		3F6743DD2A0CF1E8004385AF /* WKWebViewController.m in Sources */ = {isa = PBXBuildFile; fileRef = 3F6743DC2A0CF1E8004385AF /* WKWebViewController.m */; };
		3F6743E02A0D29DE004385AF /* WKWebViewController+JavaScirpt.m in Sources */ = {isa = PBXBuildFile; fileRef = 3F6743DF2A0D29DE004385AF /* WKWebViewController+JavaScirpt.m */; };
		3F6E623C2A7E742A00E59A34 /* UIImage+Extension.m in Sources */ = {isa = PBXBuildFile; fileRef = 3F6E623B2A7E742A00E59A34 /* UIImage+Extension.m */; };
		3F7BABF42897BA3200C972C5 /* UISearchBar+Factory.m in Sources */ = {isa = PBXBuildFile; fileRef = 3F7BABF32897BA3200C972C5 /* UISearchBar+Factory.m */; };
		3F7BAC012897CD0400C972C5 /* UITextFieldCustom.m in Sources */ = {isa = PBXBuildFile; fileRef = 3F7BAC002897CD0400C972C5 /* UITextFieldCustom.m */; };
		3F7E1053289F8E110053408B /* NYWaterWaveView.m in Sources */ = {isa = PBXBuildFile; fileRef = 3F7E1051289F8E110053408B /* NYWaterWaveView.m */; };
		3F7EDDB52A1783D1003EBBEB /* CoreDataModel.xcdatamodeld in Sources */ = {isa = PBXBuildFile; fileRef = 3F7EDDA22A1783D0003EBBEB /* CoreDataModel.xcdatamodeld */; };
		3F7EDDB62A1783D1003EBBEB /* CDBookModel+CoreDataClass.m in Sources */ = {isa = PBXBuildFile; fileRef = 3F7EDDA72A1783D0003EBBEB /* CDBookModel+CoreDataClass.m */; };
		3F7EDDB72A1783D1003EBBEB /* CDPeopleModel+CoreDataProperties.m in Sources */ = {isa = PBXBuildFile; fileRef = 3F7EDDAA2A1783D0003EBBEB /* CDPeopleModel+CoreDataProperties.m */; };
		3F7EDDB82A1783D1003EBBEB /* CDBookModel+CoreDataProperties.m in Sources */ = {isa = PBXBuildFile; fileRef = 3F7EDDAB2A1783D0003EBBEB /* CDBookModel+CoreDataProperties.m */; };
		3F7EDDB92A1783D1003EBBEB /* CDPeopleModel+CoreDataClass.m in Sources */ = {isa = PBXBuildFile; fileRef = 3F7EDDAD2A1783D1003EBBEB /* CDPeopleModel+CoreDataClass.m */; };
		3F7EDDBA2A1783D1003EBBEB /* CoreDataViewController.m in Sources */ = {isa = PBXBuildFile; fileRef = 3F7EDDAF2A1783D1003EBBEB /* CoreDataViewController.m */; };
		3F7EDDBB2A1783D1003EBBEB /* CoreDataManager.m in Sources */ = {isa = PBXBuildFile; fileRef = 3F7EDDB32A1783D1003EBBEB /* CoreDataManager.m */; };
		3F7EDDBC2A1783D1003EBBEB /* CoreDataService.m in Sources */ = {isa = PBXBuildFile; fileRef = 3F7EDDB42A1783D1003EBBEB /* CoreDataService.m */; };
		3F86C88C28A87AF9006AC931 /* TestImageView.m in Sources */ = {isa = PBXBuildFile; fileRef = 3F86C88B28A87AF9006AC931 /* TestImageView.m */; };
		3F86C89528A883E2006AC931 /* UIView+ThemeEnvironment.m in Sources */ = {isa = PBXBuildFile; fileRef = 3F86C89428A883E2006AC931 /* UIView+ThemeEnvironment.m */; };
		3F870EE82A20D3020003CE4D /* Touch3DManager.m in Sources */ = {isa = PBXBuildFile; fileRef = 3F870EE72A20D3020003CE4D /* Touch3DManager.m */; };
		3F870EEC2A20D3DB0003CE4D /* Touch3DViewController.m in Sources */ = {isa = PBXBuildFile; fileRef = 3F870EEB2A20D3DB0003CE4D /* Touch3DViewController.m */; };
		3F87C56129430EA500FFC9C5 /* GrayWhiteViewController.m in Sources */ = {isa = PBXBuildFile; fileRef = 3F87C56029430EA500FFC9C5 /* GrayWhiteViewController.m */; };
		3F87C5652943107B00FFC9C5 /* TKGrayWhiteFilterView.m in Sources */ = {isa = PBXBuildFile; fileRef = 3F87C5642943107B00FFC9C5 /* TKGrayWhiteFilterView.m */; };
		3F87C5B22943713600FFC9C5 /* UniversalLinkViewController.m in Sources */ = {isa = PBXBuildFile; fileRef = 3F87C5B12943713600FFC9C5 /* UniversalLinkViewController.m */; };
		3FA4C63D289E89800068544D /* DotIndicator.m in Sources */ = {isa = PBXBuildFile; fileRef = 3FA4C63C289E89800068544D /* DotIndicator.m */; };
		3FA4C641289EBAFF0068544D /* TestAniView.m in Sources */ = {isa = PBXBuildFile; fileRef = 3FA4C640289EBAFF0068544D /* TestAniView.m */; };
		3FC8C67828957C8E00B933A7 /* TKTextFieldFactory.m in Sources */ = {isa = PBXBuildFile; fileRef = 3FC8C67728957C8E00B933A7 /* TKTextFieldFactory.m */; };
		3FC8C67C28957C9C00B933A7 /* TKTextViewFactory.m in Sources */ = {isa = PBXBuildFile; fileRef = 3FC8C67B28957C9C00B933A7 /* TKTextViewFactory.m */; };
		3FC9BABA28A530A300C559EC /* LaunchTextView.m in Sources */ = {isa = PBXBuildFile; fileRef = 3FC9BAB928A530A300C559EC /* LaunchTextView.m */; };
		3FCFA46A2A7934400000E2A5 /* UIDevice+Orientation.m in Sources */ = {isa = PBXBuildFile; fileRef = 3FCFA4682A7934400000E2A5 /* UIDevice+Orientation.m */; };
		3FCFA46D2A7934690000E2A5 /* OrientationViewController.m in Sources */ = {isa = PBXBuildFile; fileRef = 3FCFA46C2A7934690000E2A5 /* OrientationViewController.m */; };
		3FD862892AD7FEA0002DB43F /* TouchIDManager.m in Sources */ = {isa = PBXBuildFile; fileRef = 3FD862882AD7FEA0002DB43F /* TouchIDManager.m */; };
		3FD8628B2AD807C2002DB43F /* TouchIDViewController.m in Sources */ = {isa = PBXBuildFile; fileRef = 3FD8628A2AD807C2002DB43F /* TouchIDViewController.m */; };
		3FEEE393289661D8002C74AE /* UIView+Factory.m in Sources */ = {isa = PBXBuildFile; fileRef = 3FEEE392289661D8002C74AE /* UIView+Factory.m */; };
		3FEEE397289665C6002C74AE /* UITextField+Factory.m in Sources */ = {isa = PBXBuildFile; fileRef = 3FEEE396289665C6002C74AE /* UITextField+Factory.m */; };
		3FEEE39D28966996002C74AE /* TKMethodSwap.m in Sources */ = {isa = PBXBuildFile; fileRef = 3FEEE39C28966996002C74AE /* TKMethodSwap.m */; };
		3FF5F30128A78664002C475F /* Icon3@2x.png in Resources */ = {isa = PBXBuildFile; fileRef = 3FF5F30028A78664002C475F /* Icon3@2x.png */; };
		3FF5F30428A7868B002C475F /* Icon1@2x.png in Resources */ = {isa = PBXBuildFile; fileRef = 3FF5F30328A7868B002C475F /* Icon1@2x.png */; };
		3FF5F30728A786A9002C475F /* Icon2@2x.png in Resources */ = {isa = PBXBuildFile; fileRef = 3FF5F30628A786A9002C475F /* Icon2@2x.png */; };
		3FF755C5289BA9DA00BC0121 /* TraitCollectionViewController.m in Sources */ = {isa = PBXBuildFile; fileRef = 3FF755C4289BA9DA00BC0121 /* TraitCollectionViewController.m */; };
		3FF755CD289BAD7300BC0121 /* KVOViewController.m in Sources */ = {isa = PBXBuildFile; fileRef = 3FF755CC289BAD7300BC0121 /* KVOViewController.m */; };
		3FF755D2289BB32100BC0121 /* TransformViewController.m in Sources */ = {isa = PBXBuildFile; fileRef = 3FF755D1289BB32100BC0121 /* TransformViewController.m */; };
		3FF755D7289BF82700BC0121 /* DeviceToken.m in Sources */ = {isa = PBXBuildFile; fileRef = 3FF755D6289BF82700BC0121 /* DeviceToken.m */; };
		3FF755E4289C0DAF00BC0121 /* UIApplication+Window.m in Sources */ = {isa = PBXBuildFile; fileRef = 3FF755E3289C0DAF00BC0121 /* UIApplication+Window.m */; };
		3FF755E8289C0E7900BC0121 /* LaunchPageManager.m in Sources */ = {isa = PBXBuildFile; fileRef = 3FF755E7289C0E7900BC0121 /* LaunchPageManager.m */; };
		3FF755ED289C17E900BC0121 /* LaunchPageViewController.m in Sources */ = {isa = PBXBuildFile; fileRef = 3FF755EC289C17E900BC0121 /* LaunchPageViewController.m */; };
		3FF755F2289C324C00BC0121 /* LaunchImage0.png in Resources */ = {isa = PBXBuildFile; fileRef = 3FF755EF289C324B00BC0121 /* LaunchImage0.png */; };
		3FF755F3289C324C00BC0121 /* LaunchImage2.png in Resources */ = {isa = PBXBuildFile; fileRef = 3FF755F0289C324B00BC0121 /* LaunchImage2.png */; };
		3FF755F4289C324C00BC0121 /* LaunchImage1.png in Resources */ = {isa = PBXBuildFile; fileRef = 3FF755F1289C324C00BC0121 /* LaunchImage1.png */; };
		3FFDB47A28A67E49004AA481 /* TKDynamicLaunchImageHelper.m in Sources */ = {isa = PBXBuildFile; fileRef = 3FFDB47828A67E49004AA481 /* TKDynamicLaunchImageHelper.m */; };
		3FFDB48028A69414004AA481 /* AppIconViewController.m in Sources */ = {isa = PBXBuildFile; fileRef = 3FFDB47F28A69414004AA481 /* AppIconViewController.m */; };
		3FFDB53028A6A095004AA481 /* Icon1@3x.png in Resources */ = {isa = PBXBuildFile; fileRef = 3FFDB52F28A6A095004AA481 /* Icon1@3x.png */; };
		3FFDB53328A6A0C1004AA481 /* Icon3@3x.png in Resources */ = {isa = PBXBuildFile; fileRef = 3FFDB53228A6A0C1004AA481 /* Icon3@3x.png */; };
		3FFDB53628A6A0F7004AA481 /* Icon2@3x.png in Resources */ = {isa = PBXBuildFile; fileRef = 3FFDB53528A6A0F7004AA481 /* Icon2@3x.png */; };
		3FFDB53B28A6A3C5004AA481 /* AppIconManager.m in Sources */ = {isa = PBXBuildFile; fileRef = 3FFDB53A28A6A3C5004AA481 /* AppIconManager.m */; };
		EFBCA72A4260BB3FAF960865 /* Pods_ExampleProject.framework in Frameworks */ = {isa = PBXBuildFile; fileRef = 3B36ADFF77DB9D0E192C02F9 /* Pods_ExampleProject.framework */; };
/* End PBXBuildFile section */

/* Begin PBXBuildRule section */
		3F87C5B42943751D00FFC9C5 /* PBXBuildRule */ = {
			isa = PBXBuildRule;
			compilerSpec = com.apple.compilers.proxy.script;
			fileType = pattern.proxy;
			inputFiles = (
			);
			isEditable = 1;
			outputFiles = (
			);
			script = "# Type a script or drag a script file from your workspace to insert its path.\n";
		};
/* End PBXBuildRule section */

/* Begin PBXFileReference section */
		36A304E9FBBEB1590B2B546E /* Pods-ExampleProject.debug.xcconfig */ = {isa = PBXFileReference; includeInIndex = 1; lastKnownFileType = text.xcconfig; name = "Pods-ExampleProject.debug.xcconfig"; path = "Target Support Files/Pods-ExampleProject/Pods-ExampleProject.debug.xcconfig"; sourceTree = "<group>"; };
		3B36ADFF77DB9D0E192C02F9 /* Pods_ExampleProject.framework */ = {isa = PBXFileReference; explicitFileType = wrapper.framework; includeInIndex = 0; path = Pods_ExampleProject.framework; sourceTree = BUILT_PRODUCTS_DIR; };
		3F0A8F642894FFBE009C8BEE /* ExampleProject.app */ = {isa = PBXFileReference; explicitFileType = wrapper.application; includeInIndex = 0; path = ExampleProject.app; sourceTree = BUILT_PRODUCTS_DIR; };
		3F0A8F672894FFBE009C8BEE /* AppDelegate.h */ = {isa = PBXFileReference; lastKnownFileType = sourcecode.c.h; path = AppDelegate.h; sourceTree = "<group>"; };
		3F0A8F682894FFBE009C8BEE /* AppDelegate.m */ = {isa = PBXFileReference; lastKnownFileType = sourcecode.c.objc; path = AppDelegate.m; sourceTree = "<group>"; };
		3F0A8F6A2894FFBE009C8BEE /* SceneDelegate.h */ = {isa = PBXFileReference; lastKnownFileType = sourcecode.c.h; path = SceneDelegate.h; sourceTree = "<group>"; };
		3F0A8F6B2894FFBE009C8BEE /* SceneDelegate.m */ = {isa = PBXFileReference; lastKnownFileType = sourcecode.c.objc; path = SceneDelegate.m; sourceTree = "<group>"; };
		3F0A8F6D2894FFBE009C8BEE /* ViewController.h */ = {isa = PBXFileReference; lastKnownFileType = sourcecode.c.h; path = ViewController.h; sourceTree = "<group>"; };
		3F0A8F6E2894FFBE009C8BEE /* ViewController.m */ = {isa = PBXFileReference; lastKnownFileType = sourcecode.c.objc; path = ViewController.m; sourceTree = "<group>"; };
		3F0A8F712894FFBE009C8BEE /* Base */ = {isa = PBXFileReference; lastKnownFileType = file.storyboard; name = Base; path = Base.lproj/Main.storyboard; sourceTree = "<group>"; };
		3F0A8F732894FFC8009C8BEE /* Assets.xcassets */ = {isa = PBXFileReference; lastKnownFileType = folder.assetcatalog; path = Assets.xcassets; sourceTree = "<group>"; };
		3F0A8F762894FFC8009C8BEE /* Base */ = {isa = PBXFileReference; lastKnownFileType = file.storyboard; name = Base; path = Base.lproj/LaunchScreen.storyboard; sourceTree = "<group>"; };
		3F0A8F782894FFC8009C8BEE /* Info.plist */ = {isa = PBXFileReference; lastKnownFileType = text.plist.xml; path = Info.plist; sourceTree = "<group>"; };
		3F0A8F792894FFC8009C8BEE /* main.m */ = {isa = PBXFileReference; lastKnownFileType = sourcecode.c.objc; path = main.m; sourceTree = "<group>"; };
		3F0A8F8528950050009C8BEE /* BaseViewController.h */ = {isa = PBXFileReference; lastKnownFileType = sourcecode.c.h; path = BaseViewController.h; sourceTree = "<group>"; };
		3F0A8F8628950050009C8BEE /* BaseViewController.m */ = {isa = PBXFileReference; lastKnownFileType = sourcecode.c.objc; path = BaseViewController.m; sourceTree = "<group>"; };
		3F0A8F9328950092009C8BEE /* TableViewController.h */ = {isa = PBXFileReference; lastKnownFileType = sourcecode.c.h; path = TableViewController.h; sourceTree = "<group>"; };
		3F0A8F9428950092009C8BEE /* TableViewController.m */ = {isa = PBXFileReference; lastKnownFileType = sourcecode.c.objc; path = TableViewController.m; sourceTree = "<group>"; };
		3F0A8F97289500B3009C8BEE /* NavigationViewController.h */ = {isa = PBXFileReference; lastKnownFileType = sourcecode.c.h; path = NavigationViewController.h; sourceTree = "<group>"; };
		3F0A8F98289500B3009C8BEE /* NavigationViewController.m */ = {isa = PBXFileReference; lastKnownFileType = sourcecode.c.objc; path = NavigationViewController.m; sourceTree = "<group>"; };
		3F0A8F9C289500DF009C8BEE /* TabBarViewController.h */ = {isa = PBXFileReference; lastKnownFileType = sourcecode.c.h; path = TabBarViewController.h; sourceTree = "<group>"; };
		3F0A8F9D289500DF009C8BEE /* TabBarViewController.m */ = {isa = PBXFileReference; lastKnownFileType = sourcecode.c.objc; path = TabBarViewController.m; sourceTree = "<group>"; };
		3F0A8FA028950156009C8BEE /* PrefixHeader.pch */ = {isa = PBXFileReference; lastKnownFileType = sourcecode.c.h; path = PrefixHeader.pch; sourceTree = "<group>"; };
		3F0A8FA12895015E009C8BEE /* ExampleProject.entitlements */ = {isa = PBXFileReference; lastKnownFileType = text.plist.entitlements; path = ExampleProject.entitlements; sourceTree = "<group>"; };
		3F0D3A5E2ABC93E1003C993E /* JumpToAppStoreViewController.h */ = {isa = PBXFileReference; lastKnownFileType = sourcecode.c.h; path = JumpToAppStoreViewController.h; sourceTree = "<group>"; };
		3F0D3A5F2ABC93E1003C993E /* JumpToAppStoreViewController.m */ = {isa = PBXFileReference; lastKnownFileType = sourcecode.c.objc; path = JumpToAppStoreViewController.m; sourceTree = "<group>"; };
		3F0D3A612ABC94C9003C993E /* JumpToAppStore.m */ = {isa = PBXFileReference; fileEncoding = 4; lastKnownFileType = sourcecode.c.objc; name = JumpToAppStore.m; path = ../../../PublicBaseTool/PublicBaseTool/PublicBaseTool/Tool/JumpToAppStore.m; sourceTree = "<group>"; };
		3F0D3A622ABC94C9003C993E /* JumpToAppStore.h */ = {isa = PBXFileReference; fileEncoding = 4; lastKnownFileType = sourcecode.c.h; name = JumpToAppStore.h; path = ../../../PublicBaseTool/PublicBaseTool/PublicBaseTool/Tool/JumpToAppStore.h; sourceTree = "<group>"; };
		3F378D97289687E000F1533C /* UIButton+Factory.h */ = {isa = PBXFileReference; lastKnownFileType = sourcecode.c.h; path = "UIButton+Factory.h"; sourceTree = "<group>"; };
		3F378D98289687E000F1533C /* UIButton+Factory.m */ = {isa = PBXFileReference; lastKnownFileType = sourcecode.c.objc; path = "UIButton+Factory.m"; sourceTree = "<group>"; };
		3F378D9B2896880600F1533C /* UIControl+Factory.h */ = {isa = PBXFileReference; lastKnownFileType = sourcecode.c.h; path = "UIControl+Factory.h"; sourceTree = "<group>"; };
		3F378D9C2896880600F1533C /* UIControl+Factory.m */ = {isa = PBXFileReference; lastKnownFileType = sourcecode.c.objc; path = "UIControl+Factory.m"; sourceTree = "<group>"; };
		3F378D9F28969DED00F1533C /* TKSearchBarFactory.h */ = {isa = PBXFileReference; lastKnownFileType = sourcecode.c.h; path = TKSearchBarFactory.h; sourceTree = "<group>"; };
		3F378DA028969DED00F1533C /* TKSearchBarFactory.m */ = {isa = PBXFileReference; lastKnownFileType = sourcecode.c.objc; path = TKSearchBarFactory.m; sourceTree = "<group>"; };
		3F4047F428951834004CBD35 /* LabelCell.h */ = {isa = PBXFileReference; lastKnownFileType = sourcecode.c.h; path = LabelCell.h; sourceTree = "<group>"; };
		3F4047F528951834004CBD35 /* LabelCell.m */ = {isa = PBXFileReference; lastKnownFileType = sourcecode.c.objc; path = LabelCell.m; sourceTree = "<group>"; };
		3F4047FB28951911004CBD35 /* TKColorManager.h */ = {isa = PBXFileReference; fileEncoding = 4; lastKnownFileType = sourcecode.c.h; path = TKColorManager.h; sourceTree = "<group>"; };
		3F4047FC28951911004CBD35 /* TKColorManager.m */ = {isa = PBXFileReference; fileEncoding = 4; lastKnownFileType = sourcecode.c.objc; path = TKColorManager.m; sourceTree = "<group>"; };
		3F4047FF28951AF1004CBD35 /* OneTableViewController.h */ = {isa = PBXFileReference; lastKnownFileType = sourcecode.c.h; path = OneTableViewController.h; sourceTree = "<group>"; };
		3F40480028951AF1004CBD35 /* OneTableViewController.m */ = {isa = PBXFileReference; lastKnownFileType = sourcecode.c.objc; path = OneTableViewController.m; sourceTree = "<group>"; };
		3F40480328951AFB004CBD35 /* TwoTableViewController.h */ = {isa = PBXFileReference; lastKnownFileType = sourcecode.c.h; path = TwoTableViewController.h; sourceTree = "<group>"; };
		3F40480428951AFB004CBD35 /* TwoTableViewController.m */ = {isa = PBXFileReference; lastKnownFileType = sourcecode.c.objc; path = TwoTableViewController.m; sourceTree = "<group>"; };
		3F40480728951CCD004CBD35 /* ClassTypeModel.h */ = {isa = PBXFileReference; lastKnownFileType = sourcecode.c.h; path = ClassTypeModel.h; sourceTree = "<group>"; };
		3F40480828951CCD004CBD35 /* ClassTypeModel.m */ = {isa = PBXFileReference; lastKnownFileType = sourcecode.c.objc; path = ClassTypeModel.m; sourceTree = "<group>"; };
		3F40480B28951E49004CBD35 /* ColorViewController.h */ = {isa = PBXFileReference; lastKnownFileType = sourcecode.c.h; path = ColorViewController.h; sourceTree = "<group>"; };
		3F40480C28951E49004CBD35 /* ColorViewController.m */ = {isa = PBXFileReference; lastKnownFileType = sourcecode.c.objc; path = ColorViewController.m; sourceTree = "<group>"; };
		3F40480F28951E5C004CBD35 /* FontViewController.h */ = {isa = PBXFileReference; lastKnownFileType = sourcecode.c.h; path = FontViewController.h; sourceTree = "<group>"; };
		3F40481028951E5C004CBD35 /* FontViewController.m */ = {isa = PBXFileReference; lastKnownFileType = sourcecode.c.objc; path = FontViewController.m; sourceTree = "<group>"; };
		3F46179D28A3951400EFBE6D /* FlowView.h */ = {isa = PBXFileReference; lastKnownFileType = sourcecode.c.h; path = FlowView.h; sourceTree = "<group>"; };
		3F46179E28A3951400EFBE6D /* FlowView.m */ = {isa = PBXFileReference; lastKnownFileType = sourcecode.c.objc; path = FlowView.m; sourceTree = "<group>"; };
		3F4617A128A3953600EFBE6D /* FlowViewController.h */ = {isa = PBXFileReference; lastKnownFileType = sourcecode.c.h; path = FlowViewController.h; sourceTree = "<group>"; };
		3F4617A228A3953600EFBE6D /* FlowViewController.m */ = {isa = PBXFileReference; lastKnownFileType = sourcecode.c.objc; path = FlowViewController.m; sourceTree = "<group>"; };
		3F4617A528A3BD7D00EFBE6D /* LaunchImageViewController.h */ = {isa = PBXFileReference; lastKnownFileType = sourcecode.c.h; path = LaunchImageViewController.h; sourceTree = "<group>"; };
		3F4617A628A3BD7D00EFBE6D /* LaunchImageViewController.m */ = {isa = PBXFileReference; lastKnownFileType = sourcecode.c.objc; path = LaunchImageViewController.m; sourceTree = "<group>"; };
		3F4617A928A3C6E400EFBE6D /* TKDynamicLaunchImage.h */ = {isa = PBXFileReference; fileEncoding = 4; lastKnownFileType = sourcecode.c.h; path = TKDynamicLaunchImage.h; sourceTree = "<group>"; };
		3F4617AA28A3C6E400EFBE6D /* TKDynamicLaunchImage.m */ = {isa = PBXFileReference; fileEncoding = 4; lastKnownFileType = sourcecode.c.objc; path = TKDynamicLaunchImage.m; sourceTree = "<group>"; };
		3F4962AC28952BB900F471F2 /* TKFontManager.m */ = {isa = PBXFileReference; fileEncoding = 4; lastKnownFileType = sourcecode.c.objc; path = TKFontManager.m; sourceTree = "<group>"; };
		3F4962AD28952BB900F471F2 /* Aa可爱日系中文-AaKADRXZW.ttf */ = {isa = PBXFileReference; lastKnownFileType = file; path = "Aa可爱日系中文-AaKADRXZW.ttf"; sourceTree = "<group>"; };
		3F4962AE28952BB900F471F2 /* TKFontManager.h */ = {isa = PBXFileReference; fileEncoding = 4; lastKnownFileType = sourcecode.c.h; path = TKFontManager.h; sourceTree = "<group>"; };
		3F4962AF28952BB900F471F2 /* dynamic-AaJianHaoTi.ttf */ = {isa = PBXFileReference; lastKnownFileType = file; path = "dynamic-AaJianHaoTi.ttf"; sourceTree = "<group>"; };
		3F4962B42895320D00F471F2 /* TKLableFactory.h */ = {isa = PBXFileReference; lastKnownFileType = sourcecode.c.h; path = TKLableFactory.h; sourceTree = "<group>"; };
		3F4962B52895320D00F471F2 /* TKLableFactory.m */ = {isa = PBXFileReference; lastKnownFileType = sourcecode.c.objc; path = TKLableFactory.m; sourceTree = "<group>"; };
		3F4962B82895323800F471F2 /* TKButtonFactory.h */ = {isa = PBXFileReference; lastKnownFileType = sourcecode.c.h; path = TKButtonFactory.h; sourceTree = "<group>"; };
		3F4962B92895323800F471F2 /* TKButtonFactory.m */ = {isa = PBXFileReference; lastKnownFileType = sourcecode.c.objc; path = TKButtonFactory.m; sourceTree = "<group>"; };
		3F594F022AB1FDD3009E99B6 /* zh-Hans */ = {isa = PBXFileReference; lastKnownFileType = text.plist.strings; name = "zh-Hans"; path = "zh-Hans.lproj/Main.strings"; sourceTree = "<group>"; };
		3F594F032AB1FDD4009E99B6 /* zh-Hans */ = {isa = PBXFileReference; lastKnownFileType = text.plist.strings; name = "zh-Hans"; path = "zh-Hans.lproj/LaunchScreen.strings"; sourceTree = "<group>"; };
		3F61A5C828A909E300880DCC /* UIViewController+ThemeEnvironment.h */ = {isa = PBXFileReference; lastKnownFileType = sourcecode.c.h; path = "UIViewController+ThemeEnvironment.h"; sourceTree = "<group>"; };
		3F61A5C928A909E300880DCC /* UIViewController+ThemeEnvironment.m */ = {isa = PBXFileReference; lastKnownFileType = sourcecode.c.objc; path = "UIViewController+ThemeEnvironment.m"; sourceTree = "<group>"; };
		3F6743DB2A0CF1E8004385AF /* WKWebViewController.h */ = {isa = PBXFileReference; lastKnownFileType = sourcecode.c.h; path = WKWebViewController.h; sourceTree = "<group>"; };
		3F6743DC2A0CF1E8004385AF /* WKWebViewController.m */ = {isa = PBXFileReference; lastKnownFileType = sourcecode.c.objc; path = WKWebViewController.m; sourceTree = "<group>"; };
		3F6743DE2A0D29DE004385AF /* WKWebViewController+JavaScirpt.h */ = {isa = PBXFileReference; lastKnownFileType = sourcecode.c.h; path = "WKWebViewController+JavaScirpt.h"; sourceTree = "<group>"; };
		3F6743DF2A0D29DE004385AF /* WKWebViewController+JavaScirpt.m */ = {isa = PBXFileReference; lastKnownFileType = sourcecode.c.objc; path = "WKWebViewController+JavaScirpt.m"; sourceTree = "<group>"; };
		3F6E623A2A7E742A00E59A34 /* UIImage+Extension.h */ = {isa = PBXFileReference; fileEncoding = 4; lastKnownFileType = sourcecode.c.h; name = "UIImage+Extension.h"; path = "../../../PublicBaseTool/PublicBaseTool/PublicBaseTool/View/TKPhotoPickerTool/UIImage+Extension.h"; sourceTree = "<group>"; };
		3F6E623B2A7E742A00E59A34 /* UIImage+Extension.m */ = {isa = PBXFileReference; fileEncoding = 4; lastKnownFileType = sourcecode.c.objc; name = "UIImage+Extension.m"; path = "../../../PublicBaseTool/PublicBaseTool/PublicBaseTool/View/TKPhotoPickerTool/UIImage+Extension.m"; sourceTree = "<group>"; };
		3F7BABF22897BA3200C972C5 /* UISearchBar+Factory.h */ = {isa = PBXFileReference; lastKnownFileType = sourcecode.c.h; path = "UISearchBar+Factory.h"; sourceTree = "<group>"; };
		3F7BABF32897BA3200C972C5 /* UISearchBar+Factory.m */ = {isa = PBXFileReference; lastKnownFileType = sourcecode.c.objc; path = "UISearchBar+Factory.m"; sourceTree = "<group>"; };
		3F7BABFF2897CD0400C972C5 /* UITextFieldCustom.h */ = {isa = PBXFileReference; lastKnownFileType = sourcecode.c.h; path = UITextFieldCustom.h; sourceTree = "<group>"; };
		3F7BAC002897CD0400C972C5 /* UITextFieldCustom.m */ = {isa = PBXFileReference; lastKnownFileType = sourcecode.c.objc; path = UITextFieldCustom.m; sourceTree = "<group>"; };
		3F7E1051289F8E110053408B /* NYWaterWaveView.m */ = {isa = PBXFileReference; fileEncoding = 4; lastKnownFileType = sourcecode.c.objc; path = NYWaterWaveView.m; sourceTree = "<group>"; };
		3F7E1052289F8E110053408B /* NYWaterWaveView.h */ = {isa = PBXFileReference; fileEncoding = 4; lastKnownFileType = sourcecode.c.h; path = NYWaterWaveView.h; sourceTree = "<group>"; };
		3F7EDDA32A1783D0003EBBEB /* CoreDataModel.xcdatamodel */ = {isa = PBXFileReference; lastKnownFileType = wrapper.xcdatamodel; path = CoreDataModel.xcdatamodel; sourceTree = "<group>"; };
		3F7EDDA62A1783D0003EBBEB /* CDPeopleModel+CoreDataProperties.h */ = {isa = PBXFileReference; fileEncoding = 4; lastKnownFileType = sourcecode.c.h; path = "CDPeopleModel+CoreDataProperties.h"; sourceTree = "<group>"; };
		3F7EDDA72A1783D0003EBBEB /* CDBookModel+CoreDataClass.m */ = {isa = PBXFileReference; fileEncoding = 4; lastKnownFileType = sourcecode.c.objc; path = "CDBookModel+CoreDataClass.m"; sourceTree = "<group>"; };
		3F7EDDA82A1783D0003EBBEB /* CDBookModel+CoreDataProperties.h */ = {isa = PBXFileReference; fileEncoding = 4; lastKnownFileType = sourcecode.c.h; path = "CDBookModel+CoreDataProperties.h"; sourceTree = "<group>"; };
		3F7EDDA92A1783D0003EBBEB /* CDPeopleModel+CoreDataClass.h */ = {isa = PBXFileReference; fileEncoding = 4; lastKnownFileType = sourcecode.c.h; path = "CDPeopleModel+CoreDataClass.h"; sourceTree = "<group>"; };
		3F7EDDAA2A1783D0003EBBEB /* CDPeopleModel+CoreDataProperties.m */ = {isa = PBXFileReference; fileEncoding = 4; lastKnownFileType = sourcecode.c.objc; path = "CDPeopleModel+CoreDataProperties.m"; sourceTree = "<group>"; };
		3F7EDDAB2A1783D0003EBBEB /* CDBookModel+CoreDataProperties.m */ = {isa = PBXFileReference; fileEncoding = 4; lastKnownFileType = sourcecode.c.objc; path = "CDBookModel+CoreDataProperties.m"; sourceTree = "<group>"; };
		3F7EDDAC2A1783D0003EBBEB /* CDBookModel+CoreDataClass.h */ = {isa = PBXFileReference; fileEncoding = 4; lastKnownFileType = sourcecode.c.h; path = "CDBookModel+CoreDataClass.h"; sourceTree = "<group>"; };
		3F7EDDAD2A1783D1003EBBEB /* CDPeopleModel+CoreDataClass.m */ = {isa = PBXFileReference; fileEncoding = 4; lastKnownFileType = sourcecode.c.objc; path = "CDPeopleModel+CoreDataClass.m"; sourceTree = "<group>"; };
		3F7EDDAF2A1783D1003EBBEB /* CoreDataViewController.m */ = {isa = PBXFileReference; fileEncoding = 4; lastKnownFileType = sourcecode.c.objc; path = CoreDataViewController.m; sourceTree = "<group>"; };
		3F7EDDB02A1783D1003EBBEB /* CoreDataViewController.h */ = {isa = PBXFileReference; fileEncoding = 4; lastKnownFileType = sourcecode.c.h; path = CoreDataViewController.h; sourceTree = "<group>"; };
		3F7EDDB12A1783D1003EBBEB /* CoreDataManager.h */ = {isa = PBXFileReference; fileEncoding = 4; lastKnownFileType = sourcecode.c.h; path = CoreDataManager.h; sourceTree = "<group>"; };
		3F7EDDB22A1783D1003EBBEB /* CoreDataService.h */ = {isa = PBXFileReference; fileEncoding = 4; lastKnownFileType = sourcecode.c.h; path = CoreDataService.h; sourceTree = "<group>"; };
		3F7EDDB32A1783D1003EBBEB /* CoreDataManager.m */ = {isa = PBXFileReference; fileEncoding = 4; lastKnownFileType = sourcecode.c.objc; path = CoreDataManager.m; sourceTree = "<group>"; };
		3F7EDDB42A1783D1003EBBEB /* CoreDataService.m */ = {isa = PBXFileReference; fileEncoding = 4; lastKnownFileType = sourcecode.c.objc; path = CoreDataService.m; sourceTree = "<group>"; };
		3F86C88A28A87AF9006AC931 /* TestImageView.h */ = {isa = PBXFileReference; lastKnownFileType = sourcecode.c.h; path = TestImageView.h; sourceTree = "<group>"; };
		3F86C88B28A87AF9006AC931 /* TestImageView.m */ = {isa = PBXFileReference; lastKnownFileType = sourcecode.c.objc; path = TestImageView.m; sourceTree = "<group>"; };
		3F86C89328A883E2006AC931 /* UIView+ThemeEnvironment.h */ = {isa = PBXFileReference; lastKnownFileType = sourcecode.c.h; path = "UIView+ThemeEnvironment.h"; sourceTree = "<group>"; };
		3F86C89428A883E2006AC931 /* UIView+ThemeEnvironment.m */ = {isa = PBXFileReference; lastKnownFileType = sourcecode.c.objc; path = "UIView+ThemeEnvironment.m"; sourceTree = "<group>"; };
		3F870EE62A20D3020003CE4D /* Touch3DManager.h */ = {isa = PBXFileReference; fileEncoding = 4; lastKnownFileType = sourcecode.c.h; path = Touch3DManager.h; sourceTree = "<group>"; };
		3F870EE72A20D3020003CE4D /* Touch3DManager.m */ = {isa = PBXFileReference; fileEncoding = 4; lastKnownFileType = sourcecode.c.objc; path = Touch3DManager.m; sourceTree = "<group>"; };
		3F870EEA2A20D3DB0003CE4D /* Touch3DViewController.h */ = {isa = PBXFileReference; lastKnownFileType = sourcecode.c.h; path = Touch3DViewController.h; sourceTree = "<group>"; };
		3F870EEB2A20D3DB0003CE4D /* Touch3DViewController.m */ = {isa = PBXFileReference; lastKnownFileType = sourcecode.c.objc; path = Touch3DViewController.m; sourceTree = "<group>"; };
		3F87C55F29430EA500FFC9C5 /* GrayWhiteViewController.h */ = {isa = PBXFileReference; lastKnownFileType = sourcecode.c.h; path = GrayWhiteViewController.h; sourceTree = "<group>"; };
		3F87C56029430EA500FFC9C5 /* GrayWhiteViewController.m */ = {isa = PBXFileReference; lastKnownFileType = sourcecode.c.objc; path = GrayWhiteViewController.m; sourceTree = "<group>"; };
		3F87C5632943107B00FFC9C5 /* TKGrayWhiteFilterView.h */ = {isa = PBXFileReference; lastKnownFileType = sourcecode.c.h; path = TKGrayWhiteFilterView.h; sourceTree = "<group>"; };
		3F87C5642943107B00FFC9C5 /* TKGrayWhiteFilterView.m */ = {isa = PBXFileReference; lastKnownFileType = sourcecode.c.objc; path = TKGrayWhiteFilterView.m; sourceTree = "<group>"; };
		3F87C5B02943713600FFC9C5 /* UniversalLinkViewController.h */ = {isa = PBXFileReference; lastKnownFileType = sourcecode.c.h; path = UniversalLinkViewController.h; sourceTree = "<group>"; };
		3F87C5B12943713600FFC9C5 /* UniversalLinkViewController.m */ = {isa = PBXFileReference; lastKnownFileType = sourcecode.c.objc; path = UniversalLinkViewController.m; sourceTree = "<group>"; };
		3FA4C63B289E897F0068544D /* DotIndicator.h */ = {isa = PBXFileReference; lastKnownFileType = sourcecode.c.h; path = DotIndicator.h; sourceTree = "<group>"; };
		3FA4C63C289E89800068544D /* DotIndicator.m */ = {isa = PBXFileReference; lastKnownFileType = sourcecode.c.objc; path = DotIndicator.m; sourceTree = "<group>"; };
		3FA4C63F289EBAFF0068544D /* TestAniView.h */ = {isa = PBXFileReference; lastKnownFileType = sourcecode.c.h; path = TestAniView.h; sourceTree = "<group>"; };
		3FA4C640289EBAFF0068544D /* TestAniView.m */ = {isa = PBXFileReference; lastKnownFileType = sourcecode.c.objc; path = TestAniView.m; sourceTree = "<group>"; };
		3FC8C67628957C8E00B933A7 /* TKTextFieldFactory.h */ = {isa = PBXFileReference; lastKnownFileType = sourcecode.c.h; path = TKTextFieldFactory.h; sourceTree = "<group>"; };
		3FC8C67728957C8E00B933A7 /* TKTextFieldFactory.m */ = {isa = PBXFileReference; lastKnownFileType = sourcecode.c.objc; path = TKTextFieldFactory.m; sourceTree = "<group>"; };
		3FC8C67A28957C9C00B933A7 /* TKTextViewFactory.h */ = {isa = PBXFileReference; lastKnownFileType = sourcecode.c.h; path = TKTextViewFactory.h; sourceTree = "<group>"; };
		3FC8C67B28957C9C00B933A7 /* TKTextViewFactory.m */ = {isa = PBXFileReference; lastKnownFileType = sourcecode.c.objc; path = TKTextViewFactory.m; sourceTree = "<group>"; };
		3FC9BAB828A530A300C559EC /* LaunchTextView.h */ = {isa = PBXFileReference; lastKnownFileType = sourcecode.c.h; path = LaunchTextView.h; sourceTree = "<group>"; };
		3FC9BAB928A530A300C559EC /* LaunchTextView.m */ = {isa = PBXFileReference; lastKnownFileType = sourcecode.c.objc; path = LaunchTextView.m; sourceTree = "<group>"; };
		3FCFA4682A7934400000E2A5 /* UIDevice+Orientation.m */ = {isa = PBXFileReference; fileEncoding = 4; lastKnownFileType = sourcecode.c.objc; path = "UIDevice+Orientation.m"; sourceTree = "<group>"; };
		3FCFA4692A7934400000E2A5 /* UIDevice+Orientation.h */ = {isa = PBXFileReference; fileEncoding = 4; lastKnownFileType = sourcecode.c.h; path = "UIDevice+Orientation.h"; sourceTree = "<group>"; };
		3FCFA46B2A7934690000E2A5 /* OrientationViewController.h */ = {isa = PBXFileReference; lastKnownFileType = sourcecode.c.h; path = OrientationViewController.h; sourceTree = "<group>"; };
		3FCFA46C2A7934690000E2A5 /* OrientationViewController.m */ = {isa = PBXFileReference; lastKnownFileType = sourcecode.c.objc; path = OrientationViewController.m; sourceTree = "<group>"; };
		3FD862812AD7FE36002DB43F /* TouchIDViewController.h */ = {isa = PBXFileReference; lastKnownFileType = sourcecode.c.h; path = TouchIDViewController.h; sourceTree = "<group>"; };
		3FD862872AD7FEA0002DB43F /* TouchIDManager.h */ = {isa = PBXFileReference; lastKnownFileType = sourcecode.c.h; path = TouchIDManager.h; sourceTree = "<group>"; };
		3FD862882AD7FEA0002DB43F /* TouchIDManager.m */ = {isa = PBXFileReference; lastKnownFileType = sourcecode.c.objc; path = TouchIDManager.m; sourceTree = "<group>"; };
		3FD8628A2AD807C2002DB43F /* TouchIDViewController.m */ = {isa = PBXFileReference; fileEncoding = 4; lastKnownFileType = sourcecode.c.objc; path = TouchIDViewController.m; sourceTree = "<group>"; };
		3FEEE391289661D8002C74AE /* UIView+Factory.h */ = {isa = PBXFileReference; lastKnownFileType = sourcecode.c.h; path = "UIView+Factory.h"; sourceTree = "<group>"; };
		3FEEE392289661D8002C74AE /* UIView+Factory.m */ = {isa = PBXFileReference; lastKnownFileType = sourcecode.c.objc; path = "UIView+Factory.m"; sourceTree = "<group>"; };
		3FEEE395289665C6002C74AE /* UITextField+Factory.h */ = {isa = PBXFileReference; lastKnownFileType = sourcecode.c.h; path = "UITextField+Factory.h"; sourceTree = "<group>"; };
		3FEEE396289665C6002C74AE /* UITextField+Factory.m */ = {isa = PBXFileReference; lastKnownFileType = sourcecode.c.objc; path = "UITextField+Factory.m"; sourceTree = "<group>"; };
		3FEEE39B28966996002C74AE /* TKMethodSwap.h */ = {isa = PBXFileReference; lastKnownFileType = sourcecode.c.h; path = TKMethodSwap.h; sourceTree = "<group>"; };
		3FEEE39C28966996002C74AE /* TKMethodSwap.m */ = {isa = PBXFileReference; lastKnownFileType = sourcecode.c.objc; path = TKMethodSwap.m; sourceTree = "<group>"; };
		3FF5F30028A78664002C475F /* Icon3@2x.png */ = {isa = PBXFileReference; lastKnownFileType = image.png; path = "Icon3@2x.png"; sourceTree = "<group>"; };
		3FF5F30328A7868B002C475F /* Icon1@2x.png */ = {isa = PBXFileReference; lastKnownFileType = image.png; path = "Icon1@2x.png"; sourceTree = "<group>"; };
		3FF5F30628A786A9002C475F /* Icon2@2x.png */ = {isa = PBXFileReference; lastKnownFileType = image.png; path = "Icon2@2x.png"; sourceTree = "<group>"; };
		3FF755C3289BA9DA00BC0121 /* TraitCollectionViewController.h */ = {isa = PBXFileReference; lastKnownFileType = sourcecode.c.h; path = TraitCollectionViewController.h; sourceTree = "<group>"; };
		3FF755C4289BA9DA00BC0121 /* TraitCollectionViewController.m */ = {isa = PBXFileReference; lastKnownFileType = sourcecode.c.objc; path = TraitCollectionViewController.m; sourceTree = "<group>"; };
		3FF755CB289BAD7300BC0121 /* KVOViewController.h */ = {isa = PBXFileReference; lastKnownFileType = sourcecode.c.h; path = KVOViewController.h; sourceTree = "<group>"; };
		3FF755CC289BAD7300BC0121 /* KVOViewController.m */ = {isa = PBXFileReference; lastKnownFileType = sourcecode.c.objc; path = KVOViewController.m; sourceTree = "<group>"; };
		3FF755D0289BB32100BC0121 /* TransformViewController.h */ = {isa = PBXFileReference; lastKnownFileType = sourcecode.c.h; path = TransformViewController.h; sourceTree = "<group>"; };
		3FF755D1289BB32100BC0121 /* TransformViewController.m */ = {isa = PBXFileReference; lastKnownFileType = sourcecode.c.objc; path = TransformViewController.m; sourceTree = "<group>"; };
		3FF755D5289BF82700BC0121 /* DeviceToken.h */ = {isa = PBXFileReference; lastKnownFileType = sourcecode.c.h; path = DeviceToken.h; sourceTree = "<group>"; };
		3FF755D6289BF82700BC0121 /* DeviceToken.m */ = {isa = PBXFileReference; lastKnownFileType = sourcecode.c.objc; path = DeviceToken.m; sourceTree = "<group>"; };
		3FF755E2289C0DAF00BC0121 /* UIApplication+Window.h */ = {isa = PBXFileReference; lastKnownFileType = sourcecode.c.h; path = "UIApplication+Window.h"; sourceTree = "<group>"; };
		3FF755E3289C0DAF00BC0121 /* UIApplication+Window.m */ = {isa = PBXFileReference; lastKnownFileType = sourcecode.c.objc; path = "UIApplication+Window.m"; sourceTree = "<group>"; };
		3FF755E6289C0E7900BC0121 /* LaunchPageManager.h */ = {isa = PBXFileReference; lastKnownFileType = sourcecode.c.h; path = LaunchPageManager.h; sourceTree = "<group>"; };
		3FF755E7289C0E7900BC0121 /* LaunchPageManager.m */ = {isa = PBXFileReference; lastKnownFileType = sourcecode.c.objc; path = LaunchPageManager.m; sourceTree = "<group>"; };
		3FF755EB289C17E900BC0121 /* LaunchPageViewController.h */ = {isa = PBXFileReference; lastKnownFileType = sourcecode.c.h; path = LaunchPageViewController.h; sourceTree = "<group>"; };
		3FF755EC289C17E900BC0121 /* LaunchPageViewController.m */ = {isa = PBXFileReference; lastKnownFileType = sourcecode.c.objc; path = LaunchPageViewController.m; sourceTree = "<group>"; };
		3FF755EF289C324B00BC0121 /* LaunchImage0.png */ = {isa = PBXFileReference; lastKnownFileType = image.png; path = LaunchImage0.png; sourceTree = "<group>"; };
		3FF755F0289C324B00BC0121 /* LaunchImage2.png */ = {isa = PBXFileReference; lastKnownFileType = image.png; path = LaunchImage2.png; sourceTree = "<group>"; };
		3FF755F1289C324C00BC0121 /* LaunchImage1.png */ = {isa = PBXFileReference; lastKnownFileType = image.png; path = LaunchImage1.png; sourceTree = "<group>"; };
		3FFDB47828A67E49004AA481 /* TKDynamicLaunchImageHelper.m */ = {isa = PBXFileReference; fileEncoding = 4; lastKnownFileType = sourcecode.c.objc; path = TKDynamicLaunchImageHelper.m; sourceTree = "<group>"; };
		3FFDB47928A67E49004AA481 /* TKDynamicLaunchImageHelper.h */ = {isa = PBXFileReference; fileEncoding = 4; lastKnownFileType = sourcecode.c.h; path = TKDynamicLaunchImageHelper.h; sourceTree = "<group>"; };
		3FFDB47E28A69414004AA481 /* AppIconViewController.h */ = {isa = PBXFileReference; lastKnownFileType = sourcecode.c.h; path = AppIconViewController.h; sourceTree = "<group>"; };
		3FFDB47F28A69414004AA481 /* AppIconViewController.m */ = {isa = PBXFileReference; lastKnownFileType = sourcecode.c.objc; path = AppIconViewController.m; sourceTree = "<group>"; };
		3FFDB52F28A6A095004AA481 /* Icon1@3x.png */ = {isa = PBXFileReference; lastKnownFileType = image.png; path = "Icon1@3x.png"; sourceTree = "<group>"; };
		3FFDB53228A6A0C1004AA481 /* Icon3@3x.png */ = {isa = PBXFileReference; lastKnownFileType = image.png; path = "Icon3@3x.png"; sourceTree = "<group>"; };
		3FFDB53528A6A0F7004AA481 /* Icon2@3x.png */ = {isa = PBXFileReference; lastKnownFileType = image.png; path = "Icon2@3x.png"; sourceTree = "<group>"; };
		3FFDB53928A6A3C5004AA481 /* AppIconManager.h */ = {isa = PBXFileReference; lastKnownFileType = sourcecode.c.h; path = AppIconManager.h; sourceTree = "<group>"; };
		3FFDB53A28A6A3C5004AA481 /* AppIconManager.m */ = {isa = PBXFileReference; lastKnownFileType = sourcecode.c.objc; path = AppIconManager.m; sourceTree = "<group>"; };
		81FEDAB17A2C302FE49577DB /* Pods-ExampleProject.release.xcconfig */ = {isa = PBXFileReference; includeInIndex = 1; lastKnownFileType = text.xcconfig; name = "Pods-ExampleProject.release.xcconfig"; path = "Target Support Files/Pods-ExampleProject/Pods-ExampleProject.release.xcconfig"; sourceTree = "<group>"; };
/* End PBXFileReference section */

/* Begin PBXFrameworksBuildPhase section */
		3F0A8F612894FFBE009C8BEE /* Frameworks */ = {
			isa = PBXFrameworksBuildPhase;
			buildActionMask = 2147483647;
			files = (
				EFBCA72A4260BB3FAF960865 /* Pods_ExampleProject.framework in Frameworks */,
			);
			runOnlyForDeploymentPostprocessing = 0;
		};
/* End PBXFrameworksBuildPhase section */

/* Begin PBXGroup section */
		0BB28D6310C6D8556C802C2D /* Frameworks */ = {
			isa = PBXGroup;
			children = (
				3B36ADFF77DB9D0E192C02F9 /* Pods_ExampleProject.framework */,
			);
			name = Frameworks;
			sourceTree = "<group>";
		};
		3F0A8F5B2894FFBE009C8BEE = {
			isa = PBXGroup;
			children = (
				3F0A8F662894FFBE009C8BEE /* ExampleProject */,
				3F0A8F652894FFBE009C8BEE /* Products */,
				7DC3FC07784A513FA6759B89 /* Pods */,
				0BB28D6310C6D8556C802C2D /* Frameworks */,
			);
			sourceTree = "<group>";
		};
		3F0A8F652894FFBE009C8BEE /* Products */ = {
			isa = PBXGroup;
			children = (
				3F0A8F642894FFBE009C8BEE /* ExampleProject.app */,
			);
			name = Products;
			sourceTree = "<group>";
		};
		3F0A8F662894FFBE009C8BEE /* ExampleProject */ = {
			isa = PBXGroup;
			children = (
				3F0A8FA12895015E009C8BEE /* ExampleProject.entitlements */,
				3F86C88928A87AE3006AC931 /* TestView */,
				3F0A8F672894FFBE009C8BEE /* AppDelegate.h */,
				3F0A8F682894FFBE009C8BEE /* AppDelegate.m */,
				3F0A8F6A2894FFBE009C8BEE /* SceneDelegate.h */,
				3F0A8F6B2894FFBE009C8BEE /* SceneDelegate.m */,
				3FF755E2289C0DAF00BC0121 /* UIApplication+Window.h */,
				3FF755E3289C0DAF00BC0121 /* UIApplication+Window.m */,
				3F0A8F6D2894FFBE009C8BEE /* ViewController.h */,
				3F0A8F6E2894FFBE009C8BEE /* ViewController.m */,
				3F4047FF28951AF1004CBD35 /* OneTableViewController.h */,
				3F40480028951AF1004CBD35 /* OneTableViewController.m */,
				3F40480328951AFB004CBD35 /* TwoTableViewController.h */,
				3F40480428951AFB004CBD35 /* TwoTableViewController.m */,
				3FD862802AD7FDFF002DB43F /* TouchuID */,
				3F0D3A5D2ABC93AF003C993E /* JumpToAppStore */,
				3F6E62392A7E740C00E59A34 /* UIImage */,
				3FCFA4672A7934290000E2A5 /* Orientation */,
				3F870EE52A20D3020003CE4D /* 3D Touch */,
				3F7EDDA12A1783D0003EBBEB /* CoreData */,
				3F870EE92A20D3830003CE4D /* WKWebView */,
				3FA4C63A289E895E0068544D /* Animation */,
				3FF755D9289C09C600BC0121 /* Launch */,
				3FF755D4289BF80400BC0121 /* Push */,
				3FEEE39928966710002C74AE /* Runttime */,
				3F4047FA289518BA004CBD35 /* FontManager */,
				3F4047F9289518A9004CBD35 /* ColorManager */,
				3F7BAC052897D0E400C972C5 /* UIView+Custom */,
				3FEEE39F28967894002C74AE /* UIView+Category */,
				3F4047F828951860004CBD35 /* FactoryUI */,
				3F0A8F812894FFEA009C8BEE /* ExampleCode */,
				3F0A8F702894FFBE009C8BEE /* Main.storyboard */,
				3F0A8F732894FFC8009C8BEE /* Assets.xcassets */,
				3F0A8F752894FFC8009C8BEE /* LaunchScreen.storyboard */,
				3FF755EF289C324B00BC0121 /* LaunchImage0.png */,
				3FF755F1289C324C00BC0121 /* LaunchImage1.png */,
				3FF755F0289C324B00BC0121 /* LaunchImage2.png */,
				3F0A8F782894FFC8009C8BEE /* Info.plist */,
				3F0A8F792894FFC8009C8BEE /* main.m */,
				3F0A8FA028950156009C8BEE /* PrefixHeader.pch */,
			);
			path = ExampleProject;
			sourceTree = "<group>";
		};
		3F0A8F812894FFEA009C8BEE /* ExampleCode */ = {
			isa = PBXGroup;
			children = (
				3F0A8FA4289501BA009C8BEE /* Base */,
				3F0A8F8428950022009C8BEE /* TestController */,
				3F0A8F8328950014009C8BEE /* Model */,
				3F0A8F8228950002009C8BEE /* View */,
			);
			path = ExampleCode;
			sourceTree = "<group>";
		};
		3F0A8F8228950002009C8BEE /* View */ = {
			isa = PBXGroup;
			children = (
				3F4047F428951834004CBD35 /* LabelCell.h */,
				3F4047F528951834004CBD35 /* LabelCell.m */,
			);
			path = View;
			sourceTree = "<group>";
		};
		3F0A8F8328950014009C8BEE /* Model */ = {
			isa = PBXGroup;
			children = (
				3F40480728951CCD004CBD35 /* ClassTypeModel.h */,
				3F40480828951CCD004CBD35 /* ClassTypeModel.m */,
			);
			path = Model;
			sourceTree = "<group>";
		};
		3F0A8F8428950022009C8BEE /* TestController */ = {
			isa = PBXGroup;
			children = (
				3F40480B28951E49004CBD35 /* ColorViewController.h */,
				3F40480C28951E49004CBD35 /* ColorViewController.m */,
				3F40480F28951E5C004CBD35 /* FontViewController.h */,
				3F40481028951E5C004CBD35 /* FontViewController.m */,
				3FF755C3289BA9DA00BC0121 /* TraitCollectionViewController.h */,
				3FF755C4289BA9DA00BC0121 /* TraitCollectionViewController.m */,
				3FF755CB289BAD7300BC0121 /* KVOViewController.h */,
				3FF755CC289BAD7300BC0121 /* KVOViewController.m */,
				3FF755D0289BB32100BC0121 /* TransformViewController.h */,
				3FF755D1289BB32100BC0121 /* TransformViewController.m */,
				3F4617A128A3953600EFBE6D /* FlowViewController.h */,
				3F4617A228A3953600EFBE6D /* FlowViewController.m */,
				3F4617A528A3BD7D00EFBE6D /* LaunchImageViewController.h */,
				3F4617A628A3BD7D00EFBE6D /* LaunchImageViewController.m */,
				3FFDB47E28A69414004AA481 /* AppIconViewController.h */,
				3FFDB47F28A69414004AA481 /* AppIconViewController.m */,
				3F87C55F29430EA500FFC9C5 /* GrayWhiteViewController.h */,
				3F87C56029430EA500FFC9C5 /* GrayWhiteViewController.m */,
				3F87C5B02943713600FFC9C5 /* UniversalLinkViewController.h */,
				3F87C5B12943713600FFC9C5 /* UniversalLinkViewController.m */,
				3F870EEA2A20D3DB0003CE4D /* Touch3DViewController.h */,
				3F870EEB2A20D3DB0003CE4D /* Touch3DViewController.m */,
				3FCFA46B2A7934690000E2A5 /* OrientationViewController.h */,
				3FCFA46C2A7934690000E2A5 /* OrientationViewController.m */,
				3F0D3A5E2ABC93E1003C993E /* JumpToAppStoreViewController.h */,
				3F0D3A5F2ABC93E1003C993E /* JumpToAppStoreViewController.m */,
				3FD862812AD7FE36002DB43F /* TouchIDViewController.h */,
				3FD8628A2AD807C2002DB43F /* TouchIDViewController.m */,
			);
			path = TestController;
			sourceTree = "<group>";
		};
		3F0A8FA4289501BA009C8BEE /* Base */ = {
			isa = PBXGroup;
			children = (
				3F0A8F97289500B3009C8BEE /* NavigationViewController.h */,
				3F0A8F98289500B3009C8BEE /* NavigationViewController.m */,
				3F0A8F9C289500DF009C8BEE /* TabBarViewController.h */,
				3F0A8F9D289500DF009C8BEE /* TabBarViewController.m */,
				3F0A8F8528950050009C8BEE /* BaseViewController.h */,
				3F0A8F8628950050009C8BEE /* BaseViewController.m */,
				3F0A8F9328950092009C8BEE /* TableViewController.h */,
				3F0A8F9428950092009C8BEE /* TableViewController.m */,
			);
			path = Base;
			sourceTree = "<group>";
		};
		3F0D3A5D2ABC93AF003C993E /* JumpToAppStore */ = {
			isa = PBXGroup;
			children = (
				3F0D3A622ABC94C9003C993E /* JumpToAppStore.h */,
				3F0D3A612ABC94C9003C993E /* JumpToAppStore.m */,
			);
			path = JumpToAppStore;
			sourceTree = "<group>";
		};
		3F4047F828951860004CBD35 /* FactoryUI */ = {
			isa = PBXGroup;
			children = (
				3F4962B42895320D00F471F2 /* TKLableFactory.h */,
				3F4962B52895320D00F471F2 /* TKLableFactory.m */,
				3F4962B82895323800F471F2 /* TKButtonFactory.h */,
				3F4962B92895323800F471F2 /* TKButtonFactory.m */,
				3FC8C67628957C8E00B933A7 /* TKTextFieldFactory.h */,
				3FC8C67728957C8E00B933A7 /* TKTextFieldFactory.m */,
				3FC8C67A28957C9C00B933A7 /* TKTextViewFactory.h */,
				3FC8C67B28957C9C00B933A7 /* TKTextViewFactory.m */,
				3F378D9F28969DED00F1533C /* TKSearchBarFactory.h */,
				3F378DA028969DED00F1533C /* TKSearchBarFactory.m */,
			);
			path = FactoryUI;
			sourceTree = "<group>";
		};
		3F4047F9289518A9004CBD35 /* ColorManager */ = {
			isa = PBXGroup;
			children = (
				3F4047FB28951911004CBD35 /* TKColorManager.h */,
				3F4047FC28951911004CBD35 /* TKColorManager.m */,
			);
			path = ColorManager;
			sourceTree = "<group>";
		};
		3F4047FA289518BA004CBD35 /* FontManager */ = {
			isa = PBXGroup;
			children = (
				3F4962AD28952BB900F471F2 /* Aa可爱日系中文-AaKADRXZW.ttf */,
				3F4962AF28952BB900F471F2 /* dynamic-AaJianHaoTi.ttf */,
				3F4962AE28952BB900F471F2 /* TKFontManager.h */,
				3F4962AC28952BB900F471F2 /* TKFontManager.m */,
			);
			path = FontManager;
			sourceTree = "<group>";
		};
		3F6E62392A7E740C00E59A34 /* UIImage */ = {
			isa = PBXGroup;
			children = (
				3F6E623A2A7E742A00E59A34 /* UIImage+Extension.h */,
				3F6E623B2A7E742A00E59A34 /* UIImage+Extension.m */,
			);
			path = UIImage;
			sourceTree = "<group>";
		};
		3F7BAC052897D0E400C972C5 /* UIView+Custom */ = {
			isa = PBXGroup;
			children = (
				3F7BABFF2897CD0400C972C5 /* UITextFieldCustom.h */,
				3F7BAC002897CD0400C972C5 /* UITextFieldCustom.m */,
				3F87C5632943107B00FFC9C5 /* TKGrayWhiteFilterView.h */,
				3F87C5642943107B00FFC9C5 /* TKGrayWhiteFilterView.m */,
			);
			path = "UIView+Custom";
			sourceTree = "<group>";
		};
		3F7EDDA12A1783D0003EBBEB /* CoreData */ = {
			isa = PBXGroup;
			children = (
				3F7EDDA22A1783D0003EBBEB /* CoreDataModel.xcdatamodeld */,
				3F7EDDA42A1783D0003EBBEB /* Test */,
				3F7EDDB12A1783D1003EBBEB /* CoreDataManager.h */,
				3F7EDDB32A1783D1003EBBEB /* CoreDataManager.m */,
				3F7EDDB22A1783D1003EBBEB /* CoreDataService.h */,
				3F7EDDB42A1783D1003EBBEB /* CoreDataService.m */,
			);
			path = CoreData;
			sourceTree = "<group>";
		};
		3F7EDDA42A1783D0003EBBEB /* Test */ = {
			isa = PBXGroup;
			children = (
				3F7EDDA52A1783D0003EBBEB /* EntityModel */,
				3F7EDDAE2A1783D1003EBBEB /* Controller */,
			);
			path = Test;
			sourceTree = "<group>";
		};
		3F7EDDA52A1783D0003EBBEB /* EntityModel */ = {
			isa = PBXGroup;
			children = (
				3F7EDDAC2A1783D0003EBBEB /* CDBookModel+CoreDataClass.h */,
				3F7EDDA72A1783D0003EBBEB /* CDBookModel+CoreDataClass.m */,
				3F7EDDA82A1783D0003EBBEB /* CDBookModel+CoreDataProperties.h */,
				3F7EDDAB2A1783D0003EBBEB /* CDBookModel+CoreDataProperties.m */,
				3F7EDDA92A1783D0003EBBEB /* CDPeopleModel+CoreDataClass.h */,
				3F7EDDAD2A1783D1003EBBEB /* CDPeopleModel+CoreDataClass.m */,
				3F7EDDA62A1783D0003EBBEB /* CDPeopleModel+CoreDataProperties.h */,
				3F7EDDAA2A1783D0003EBBEB /* CDPeopleModel+CoreDataProperties.m */,
			);
			path = EntityModel;
			sourceTree = "<group>";
		};
		3F7EDDAE2A1783D1003EBBEB /* Controller */ = {
			isa = PBXGroup;
			children = (
				3F7EDDB02A1783D1003EBBEB /* CoreDataViewController.h */,
				3F7EDDAF2A1783D1003EBBEB /* CoreDataViewController.m */,
			);
			path = Controller;
			sourceTree = "<group>";
		};
		3F86C88928A87AE3006AC931 /* TestView */ = {
			isa = PBXGroup;
			children = (
				3F86C88A28A87AF9006AC931 /* TestImageView.h */,
				3F86C88B28A87AF9006AC931 /* TestImageView.m */,
			);
			path = TestView;
			sourceTree = "<group>";
		};
		3F870EE52A20D3020003CE4D /* 3D Touch */ = {
			isa = PBXGroup;
			children = (
				3F870EE62A20D3020003CE4D /* Touch3DManager.h */,
				3F870EE72A20D3020003CE4D /* Touch3DManager.m */,
			);
			path = "3D Touch";
			sourceTree = "<group>";
		};
		3F870EE92A20D3830003CE4D /* WKWebView */ = {
			isa = PBXGroup;
			children = (
				3F6743DB2A0CF1E8004385AF /* WKWebViewController.h */,
				3F6743DC2A0CF1E8004385AF /* WKWebViewController.m */,
				3F6743DE2A0D29DE004385AF /* WKWebViewController+JavaScirpt.h */,
				3F6743DF2A0D29DE004385AF /* WKWebViewController+JavaScirpt.m */,
			);
			path = WKWebView;
			sourceTree = "<group>";
		};
		3FA4C63A289E895E0068544D /* Animation */ = {
			isa = PBXGroup;
			children = (
				3F7E1052289F8E110053408B /* NYWaterWaveView.h */,
				3F7E1051289F8E110053408B /* NYWaterWaveView.m */,
				3FA4C63B289E897F0068544D /* DotIndicator.h */,
				3FA4C63C289E89800068544D /* DotIndicator.m */,
				3FA4C63F289EBAFF0068544D /* TestAniView.h */,
				3FA4C640289EBAFF0068544D /* TestAniView.m */,
				3F46179D28A3951400EFBE6D /* FlowView.h */,
				3F46179E28A3951400EFBE6D /* FlowView.m */,
			);
			path = Animation;
			sourceTree = "<group>";
		};
		3FCFA4672A7934290000E2A5 /* Orientation */ = {
			isa = PBXGroup;
			children = (
				3FCFA4692A7934400000E2A5 /* UIDevice+Orientation.h */,
				3FCFA4682A7934400000E2A5 /* UIDevice+Orientation.m */,
			);
			path = Orientation;
			sourceTree = "<group>";
		};
		3FD862802AD7FDFF002DB43F /* TouchuID */ = {
			isa = PBXGroup;
			children = (
				3FD862872AD7FEA0002DB43F /* TouchIDManager.h */,
				3FD862882AD7FEA0002DB43F /* TouchIDManager.m */,
			);
			path = TouchuID;
			sourceTree = "<group>";
		};
		3FEEE39928966710002C74AE /* Runttime */ = {
			isa = PBXGroup;
			children = (
				3FEEE39B28966996002C74AE /* TKMethodSwap.h */,
				3FEEE39C28966996002C74AE /* TKMethodSwap.m */,
			);
			path = Runttime;
			sourceTree = "<group>";
		};
		3FEEE39F28967894002C74AE /* UIView+Category */ = {
			isa = PBXGroup;
			children = (
				3FEEE391289661D8002C74AE /* UIView+Factory.h */,
				3FEEE392289661D8002C74AE /* UIView+Factory.m */,
				3FEEE395289665C6002C74AE /* UITextField+Factory.h */,
				3FEEE396289665C6002C74AE /* UITextField+Factory.m */,
				3F378D97289687E000F1533C /* UIButton+Factory.h */,
				3F378D98289687E000F1533C /* UIButton+Factory.m */,
				3F378D9B2896880600F1533C /* UIControl+Factory.h */,
				3F378D9C2896880600F1533C /* UIControl+Factory.m */,
				3F7BABF22897BA3200C972C5 /* UISearchBar+Factory.h */,
				3F7BABF32897BA3200C972C5 /* UISearchBar+Factory.m */,
				3F86C89328A883E2006AC931 /* UIView+ThemeEnvironment.h */,
				3F86C89428A883E2006AC931 /* UIView+ThemeEnvironment.m */,
				3F61A5C828A909E300880DCC /* UIViewController+ThemeEnvironment.h */,
				3F61A5C928A909E300880DCC /* UIViewController+ThemeEnvironment.m */,
			);
			path = "UIView+Category";
			sourceTree = "<group>";
		};
		3FF755D4289BF80400BC0121 /* Push */ = {
			isa = PBXGroup;
			children = (
				3FF755D5289BF82700BC0121 /* DeviceToken.h */,
				3FF755D6289BF82700BC0121 /* DeviceToken.m */,
			);
			path = Push;
			sourceTree = "<group>";
		};
		3FF755D9289C09C600BC0121 /* Launch */ = {
			isa = PBXGroup;
			children = (
				3FFDB52B28A6A033004AA481 /* icons */,
				3FF755E6289C0E7900BC0121 /* LaunchPageManager.h */,
				3FF755E7289C0E7900BC0121 /* LaunchPageManager.m */,
				3FF755EB289C17E900BC0121 /* LaunchPageViewController.h */,
				3FF755EC289C17E900BC0121 /* LaunchPageViewController.m */,
				3FC9BAB828A530A300C559EC /* LaunchTextView.h */,
				3FC9BAB928A530A300C559EC /* LaunchTextView.m */,
				3F4617A928A3C6E400EFBE6D /* TKDynamicLaunchImage.h */,
				3F4617AA28A3C6E400EFBE6D /* TKDynamicLaunchImage.m */,
				3FFDB47928A67E49004AA481 /* TKDynamicLaunchImageHelper.h */,
				3FFDB47828A67E49004AA481 /* TKDynamicLaunchImageHelper.m */,
				3FFDB53928A6A3C5004AA481 /* AppIconManager.h */,
				3FFDB53A28A6A3C5004AA481 /* AppIconManager.m */,
			);
			path = Launch;
			sourceTree = "<group>";
		};
		3FFDB52B28A6A033004AA481 /* icons */ = {
			isa = PBXGroup;
			children = (
				3FFDB52E28A6A05A004AA481 /* icon3 */,
				3FFDB52D28A6A054004AA481 /* icon2 */,
				3FFDB52C28A6A04D004AA481 /* icon1 */,
			);
			path = icons;
			sourceTree = "<group>";
		};
		3FFDB52C28A6A04D004AA481 /* icon1 */ = {
			isa = PBXGroup;
			children = (
				3FF5F30328A7868B002C475F /* Icon1@2x.png */,
				3FFDB52F28A6A095004AA481 /* Icon1@3x.png */,
			);
			path = icon1;
			sourceTree = "<group>";
		};
		3FFDB52D28A6A054004AA481 /* icon2 */ = {
			isa = PBXGroup;
			children = (
				3FF5F30628A786A9002C475F /* Icon2@2x.png */,
				3FFDB53528A6A0F7004AA481 /* Icon2@3x.png */,
			);
			path = icon2;
			sourceTree = "<group>";
		};
		3FFDB52E28A6A05A004AA481 /* icon3 */ = {
			isa = PBXGroup;
			children = (
				3FF5F30028A78664002C475F /* Icon3@2x.png */,
				3FFDB53228A6A0C1004AA481 /* Icon3@3x.png */,
			);
			path = icon3;
			sourceTree = "<group>";
		};
		7DC3FC07784A513FA6759B89 /* Pods */ = {
			isa = PBXGroup;
			children = (
				36A304E9FBBEB1590B2B546E /* Pods-ExampleProject.debug.xcconfig */,
				81FEDAB17A2C302FE49577DB /* Pods-ExampleProject.release.xcconfig */,
			);
			path = Pods;
			sourceTree = "<group>";
		};
/* End PBXGroup section */

/* Begin PBXNativeTarget section */
		3F0A8F632894FFBE009C8BEE /* ExampleProject */ = {
			isa = PBXNativeTarget;
			buildConfigurationList = 3F0A8F7D2894FFC8009C8BEE /* Build configuration list for PBXNativeTarget "ExampleProject" */;
			buildPhases = (
				08EE8457D3B8DD1D17A431B8 /* [CP] Check Pods Manifest.lock */,
				3F0A8F602894FFBE009C8BEE /* Sources */,
				3F0A8F612894FFBE009C8BEE /* Frameworks */,
				3F0A8F622894FFBE009C8BEE /* Resources */,
				90DC222F32D9F65BFEE9C8BD /* [CP] Embed Pods Frameworks */,
				33A50915EC74E4F674286DF7 /* [CP] Copy Pods Resources */,
			);
			buildRules = (
				3F87C5B42943751D00FFC9C5 /* PBXBuildRule */,
			);
			dependencies = (
			);
			name = ExampleProject;
			productName = ExampleProject;
			productReference = 3F0A8F642894FFBE009C8BEE /* ExampleProject.app */;
			productType = "com.apple.product-type.application";
		};
/* End PBXNativeTarget section */

/* Begin PBXProject section */
		3F0A8F5C2894FFBE009C8BEE /* Project object */ = {
			isa = PBXProject;
			attributes = {
				LastUpgradeCheck = 1240;
				TargetAttributes = {
					3F0A8F632894FFBE009C8BEE = {
						CreatedOnToolsVersion = 12.4;
					};
				};
			};
			buildConfigurationList = 3F0A8F5F2894FFBE009C8BEE /* Build configuration list for PBXProject "ExampleProject" */;
			compatibilityVersion = "Xcode 9.3";
			developmentRegion = en;
			hasScannedForEncodings = 0;
			knownRegions = (
				en,
				Base,
				"zh-Hans",
			);
			mainGroup = 3F0A8F5B2894FFBE009C8BEE;
			productRefGroup = 3F0A8F652894FFBE009C8BEE /* Products */;
			projectDirPath = "";
			projectRoot = "";
			targets = (
				3F0A8F632894FFBE009C8BEE /* ExampleProject */,
			);
		};
/* End PBXProject section */

/* Begin PBXResourcesBuildPhase section */
		3F0A8F622894FFBE009C8BEE /* Resources */ = {
			isa = PBXResourcesBuildPhase;
			buildActionMask = 2147483647;
			files = (
				3FF5F30428A7868B002C475F /* Icon1@2x.png in Resources */,
				3FFDB53028A6A095004AA481 /* Icon1@3x.png in Resources */,
				3F0A8F772894FFC8009C8BEE /* LaunchScreen.storyboard in Resources */,
				3FFDB53328A6A0C1004AA481 /* Icon3@3x.png in Resources */,
				3F0A8F742894FFC8009C8BEE /* Assets.xcassets in Resources */,
				3FF755F3289C324C00BC0121 /* LaunchImage2.png in Resources */,
				3F4962B128952BB900F471F2 /* Aa可爱日系中文-AaKADRXZW.ttf in Resources */,
				3FFDB53628A6A0F7004AA481 /* Icon2@3x.png in Resources */,
				3FF5F30728A786A9002C475F /* Icon2@2x.png in Resources */,
				3FF755F4289C324C00BC0121 /* LaunchImage1.png in Resources */,
				3FF755F2289C324C00BC0121 /* LaunchImage0.png in Resources */,
				3FF5F30128A78664002C475F /* Icon3@2x.png in Resources */,
				3F4962B228952BB900F471F2 /* dynamic-AaJianHaoTi.ttf in Resources */,
				3F0A8F722894FFBE009C8BEE /* Main.storyboard in Resources */,
			);
			runOnlyForDeploymentPostprocessing = 0;
		};
/* End PBXResourcesBuildPhase section */

/* Begin PBXShellScriptBuildPhase section */
		08EE8457D3B8DD1D17A431B8 /* [CP] Check Pods Manifest.lock */ = {
			isa = PBXShellScriptBuildPhase;
			buildActionMask = 2147483647;
			files = (
			);
			inputFileListPaths = (
			);
			inputPaths = (
				"${PODS_PODFILE_DIR_PATH}/Podfile.lock",
				"${PODS_ROOT}/Manifest.lock",
			);
			name = "[CP] Check Pods Manifest.lock";
			outputFileListPaths = (
			);
			outputPaths = (
				"$(DERIVED_FILE_DIR)/Pods-ExampleProject-checkManifestLockResult.txt",
			);
			runOnlyForDeploymentPostprocessing = 0;
			shellPath = /bin/sh;
			shellScript = "diff \"${PODS_PODFILE_DIR_PATH}/Podfile.lock\" \"${PODS_ROOT}/Manifest.lock\" > /dev/null\nif [ $? != 0 ] ; then\n    # print error to STDERR\n    echo \"error: The sandbox is not in sync with the Podfile.lock. Run 'pod install' or update your CocoaPods installation.\" >&2\n    exit 1\nfi\n# This output is used by Xcode 'outputs' to avoid re-running this script phase.\necho \"SUCCESS\" > \"${SCRIPT_OUTPUT_FILE_0}\"\n";
			showEnvVarsInLog = 0;
		};
		33A50915EC74E4F674286DF7 /* [CP] Copy Pods Resources */ = {
			isa = PBXShellScriptBuildPhase;
			buildActionMask = 2147483647;
			files = (
			);
			inputFileListPaths = (
				"${PODS_ROOT}/Target Support Files/Pods-ExampleProject/Pods-ExampleProject-resources-${CONFIGURATION}-input-files.xcfilelist",
			);
			name = "[CP] Copy Pods Resources";
			outputFileListPaths = (
				"${PODS_ROOT}/Target Support Files/Pods-ExampleProject/Pods-ExampleProject-resources-${CONFIGURATION}-output-files.xcfilelist",
			);
			runOnlyForDeploymentPostprocessing = 0;
			shellPath = /bin/sh;
			shellScript = "\"${PODS_ROOT}/Target Support Files/Pods-ExampleProject/Pods-ExampleProject-resources.sh\"\n";
			showEnvVarsInLog = 0;
		};
		90DC222F32D9F65BFEE9C8BD /* [CP] Embed Pods Frameworks */ = {
			isa = PBXShellScriptBuildPhase;
			buildActionMask = 2147483647;
			files = (
			);
			inputFileListPaths = (
				"${PODS_ROOT}/Target Support Files/Pods-ExampleProject/Pods-ExampleProject-frameworks-${CONFIGURATION}-input-files.xcfilelist",
			);
			name = "[CP] Embed Pods Frameworks";
			outputFileListPaths = (
				"${PODS_ROOT}/Target Support Files/Pods-ExampleProject/Pods-ExampleProject-frameworks-${CONFIGURATION}-output-files.xcfilelist",
			);
			runOnlyForDeploymentPostprocessing = 0;
			shellPath = /bin/sh;
			shellScript = "\"${PODS_ROOT}/Target Support Files/Pods-ExampleProject/Pods-ExampleProject-frameworks.sh\"\n";
			showEnvVarsInLog = 0;
		};
/* End PBXShellScriptBuildPhase section */

/* Begin PBXSourcesBuildPhase section */
		3F0A8F602894FFBE009C8BEE /* Sources */ = {
			isa = PBXSourcesBuildPhase;
			buildActionMask = 2147483647;
			files = (
				3F7BAC012897CD0400C972C5 /* UITextFieldCustom.m in Sources */,
				3FF755C5289BA9DA00BC0121 /* TraitCollectionViewController.m in Sources */,
				3F7EDDB72A1783D1003EBBEB /* CDPeopleModel+CoreDataProperties.m in Sources */,
				3FF755CD289BAD7300BC0121 /* KVOViewController.m in Sources */,
				3F0A8F6F2894FFBE009C8BEE /* ViewController.m in Sources */,
				3FEEE393289661D8002C74AE /* UIView+Factory.m in Sources */,
				3F378D99289687E000F1533C /* UIButton+Factory.m in Sources */,
				3F0A8F8728950050009C8BEE /* BaseViewController.m in Sources */,
				3F7BABF42897BA3200C972C5 /* UISearchBar+Factory.m in Sources */,
				3F87C5652943107B00FFC9C5 /* TKGrayWhiteFilterView.m in Sources */,
				3F61A5CA28A909E300880DCC /* UIViewController+ThemeEnvironment.m in Sources */,
				3F46179F28A3951400EFBE6D /* FlowView.m in Sources */,
				3F7EDDB92A1783D1003EBBEB /* CDPeopleModel+CoreDataClass.m in Sources */,
				3F0D3A632ABC94C9003C993E /* JumpToAppStore.m in Sources */,
				3FCFA46D2A7934690000E2A5 /* OrientationViewController.m in Sources */,
				3F4962B62895320D00F471F2 /* TKLableFactory.m in Sources */,
				3FF755ED289C17E900BC0121 /* LaunchPageViewController.m in Sources */,
				3FF755E4289C0DAF00BC0121 /* UIApplication+Window.m in Sources */,
				3F87C5B22943713600FFC9C5 /* UniversalLinkViewController.m in Sources */,
				3F4962BA2895323800F471F2 /* TKButtonFactory.m in Sources */,
				3F7EDDBC2A1783D1003EBBEB /* CoreDataService.m in Sources */,
				3F4047F628951834004CBD35 /* LabelCell.m in Sources */,
				3F40480928951CCD004CBD35 /* ClassTypeModel.m in Sources */,
				3FC9BABA28A530A300C559EC /* LaunchTextView.m in Sources */,
				3F0A8F692894FFBE009C8BEE /* AppDelegate.m in Sources */,
				3F378DA128969DED00F1533C /* TKSearchBarFactory.m in Sources */,
				3F7E1053289F8E110053408B /* NYWaterWaveView.m in Sources */,
				3F0A8F7A2894FFC8009C8BEE /* main.m in Sources */,
				3F870EE82A20D3020003CE4D /* Touch3DManager.m in Sources */,
				3F40480D28951E49004CBD35 /* ColorViewController.m in Sources */,
				3F7EDDB52A1783D1003EBBEB /* CoreDataModel.xcdatamodeld in Sources */,
				3F4047FD28951911004CBD35 /* TKColorManager.m in Sources */,
				3F0A8F9E289500DF009C8BEE /* TabBarViewController.m in Sources */,
				3F4617A328A3953600EFBE6D /* FlowViewController.m in Sources */,
				3FEEE397289665C6002C74AE /* UITextField+Factory.m in Sources */,
				3FFDB48028A69414004AA481 /* AppIconViewController.m in Sources */,
				3F40480128951AF1004CBD35 /* OneTableViewController.m in Sources */,
				3FC8C67828957C8E00B933A7 /* TKTextFieldFactory.m in Sources */,
				3FC8C67C28957C9C00B933A7 /* TKTextViewFactory.m in Sources */,
				3FFDB47A28A67E49004AA481 /* TKDynamicLaunchImageHelper.m in Sources */,
				3F4617A728A3BD7D00EFBE6D /* LaunchImageViewController.m in Sources */,
				3FFDB53B28A6A3C5004AA481 /* AppIconManager.m in Sources */,
				3FCFA46A2A7934400000E2A5 /* UIDevice+Orientation.m in Sources */,
				3FEEE39D28966996002C74AE /* TKMethodSwap.m in Sources */,
				3FD862892AD7FEA0002DB43F /* TouchIDManager.m in Sources */,
				3F6743E02A0D29DE004385AF /* WKWebViewController+JavaScirpt.m in Sources */,
				3F378D9D2896880600F1533C /* UIControl+Factory.m in Sources */,
				3F0D3A602ABC93E1003C993E /* JumpToAppStoreViewController.m in Sources */,
				3F870EEC2A20D3DB0003CE4D /* Touch3DViewController.m in Sources */,
				3F86C89528A883E2006AC931 /* UIView+ThemeEnvironment.m in Sources */,
				3F7EDDBB2A1783D1003EBBEB /* CoreDataManager.m in Sources */,
				3F40480528951AFB004CBD35 /* TwoTableViewController.m in Sources */,
				3F86C88C28A87AF9006AC931 /* TestImageView.m in Sources */,
				3FF755E8289C0E7900BC0121 /* LaunchPageManager.m in Sources */,
				3F7EDDB82A1783D1003EBBEB /* CDBookModel+CoreDataProperties.m in Sources */,
				3FF755D7289BF82700BC0121 /* DeviceToken.m in Sources */,
				3FD8628B2AD807C2002DB43F /* TouchIDViewController.m in Sources */,
				3FA4C63D289E89800068544D /* DotIndicator.m in Sources */,
				3F4617AB28A3C6E400EFBE6D /* TKDynamicLaunchImage.m in Sources */,
				3F4962B028952BB900F471F2 /* TKFontManager.m in Sources */,
				3F6E623C2A7E742A00E59A34 /* UIImage+Extension.m in Sources */,
				3F87C56129430EA500FFC9C5 /* GrayWhiteViewController.m in Sources */,
				3F0A8F99289500B3009C8BEE /* NavigationViewController.m in Sources */,
				3F6743DD2A0CF1E8004385AF /* WKWebViewController.m in Sources */,
				3F7EDDBA2A1783D1003EBBEB /* CoreDataViewController.m in Sources */,
				3FA4C641289EBAFF0068544D /* TestAniView.m in Sources */,
				3F0A8F6C2894FFBE009C8BEE /* SceneDelegate.m in Sources */,
				3FF755D2289BB32100BC0121 /* TransformViewController.m in Sources */,
				3F7EDDB62A1783D1003EBBEB /* CDBookModel+CoreDataClass.m in Sources */,
				3F40481128951E5C004CBD35 /* FontViewController.m in Sources */,
				3F0A8F9528950092009C8BEE /* TableViewController.m in Sources */,
			);
			runOnlyForDeploymentPostprocessing = 0;
		};
/* End PBXSourcesBuildPhase section */

/* Begin PBXVariantGroup section */
		3F0A8F702894FFBE009C8BEE /* Main.storyboard */ = {
			isa = PBXVariantGroup;
			children = (
				3F0A8F712894FFBE009C8BEE /* Base */,
				3F594F022AB1FDD3009E99B6 /* zh-Hans */,
			);
			name = Main.storyboard;
			sourceTree = "<group>";
		};
		3F0A8F752894FFC8009C8BEE /* LaunchScreen.storyboard */ = {
			isa = PBXVariantGroup;
			children = (
				3F0A8F762894FFC8009C8BEE /* Base */,
				3F594F032AB1FDD4009E99B6 /* zh-Hans */,
			);
			name = LaunchScreen.storyboard;
			sourceTree = "<group>";
		};
/* End PBXVariantGroup section */

/* Begin XCBuildConfiguration section */
		3F0A8F7B2894FFC8009C8BEE /* Debug */ = {
			isa = XCBuildConfiguration;
			buildSettings = {
				ALWAYS_SEARCH_USER_PATHS = NO;
				CLANG_ANALYZER_LOCALIZABILITY_NONLOCALIZED = YES;
				CLANG_ANALYZER_NONNULL = YES;
				CLANG_ANALYZER_NUMBER_OBJECT_CONVERSION = YES_AGGRESSIVE;
				CLANG_CXX_LANGUAGE_STANDARD = "gnu++14";
				CLANG_CXX_LIBRARY = "libc++";
				CLANG_ENABLE_MODULES = YES;
				CLANG_ENABLE_OBJC_ARC = YES;
				CLANG_ENABLE_OBJC_WEAK = YES;
				CLANG_WARN_BLOCK_CAPTURE_AUTORELEASING = YES;
				CLANG_WARN_BOOL_CONVERSION = YES;
				CLANG_WARN_COMMA = YES;
				CLANG_WARN_CONSTANT_CONVERSION = YES;
				CLANG_WARN_DEPRECATED_OBJC_IMPLEMENTATIONS = YES;
				CLANG_WARN_DIRECT_OBJC_ISA_USAGE = YES_ERROR;
				CLANG_WARN_DOCUMENTATION_COMMENTS = YES;
				CLANG_WARN_EMPTY_BODY = YES;
				CLANG_WARN_ENUM_CONVERSION = YES;
				CLANG_WARN_INFINITE_RECURSION = YES;
				CLANG_WARN_INT_CONVERSION = YES;
				CLANG_WARN_NON_LITERAL_NULL_CONVERSION = YES;
				CLANG_WARN_OBJC_IMPLICIT_RETAIN_SELF = YES;
				CLANG_WARN_OBJC_LITERAL_CONVERSION = YES;
				CLANG_WARN_OBJC_ROOT_CLASS = YES_ERROR;
				CLANG_WARN_QUOTED_INCLUDE_IN_FRAMEWORK_HEADER = YES;
				CLANG_WARN_RANGE_LOOP_ANALYSIS = YES;
				CLANG_WARN_STRICT_PROTOTYPES = YES;
				CLANG_WARN_SUSPICIOUS_MOVE = YES;
				CLANG_WARN_UNGUARDED_AVAILABILITY = YES_AGGRESSIVE;
				CLANG_WARN_UNREACHABLE_CODE = YES;
				CLANG_WARN__DUPLICATE_METHOD_MATCH = YES;
				COPY_PHASE_STRIP = NO;
				DEBUG_INFORMATION_FORMAT = dwarf;
				ENABLE_STRICT_OBJC_MSGSEND = YES;
				ENABLE_TESTABILITY = YES;
				GCC_C_LANGUAGE_STANDARD = gnu11;
				GCC_DYNAMIC_NO_PIC = NO;
				GCC_NO_COMMON_BLOCKS = YES;
				GCC_OPTIMIZATION_LEVEL = 0;
				GCC_PREPROCESSOR_DEFINITIONS = (
					"DEBUG=1",
					"$(inherited)",
				);
				GCC_WARN_64_TO_32_BIT_CONVERSION = YES;
				GCC_WARN_ABOUT_RETURN_TYPE = YES_ERROR;
				GCC_WARN_UNDECLARED_SELECTOR = YES;
				GCC_WARN_UNINITIALIZED_AUTOS = YES_AGGRESSIVE;
				GCC_WARN_UNUSED_FUNCTION = YES;
				GCC_WARN_UNUSED_VARIABLE = YES;
				IPHONEOS_DEPLOYMENT_TARGET = 14.4;
				MTL_ENABLE_DEBUG_INFO = INCLUDE_SOURCE;
				MTL_FAST_MATH = YES;
				ONLY_ACTIVE_ARCH = YES;
				SDKROOT = iphoneos;
			};
			name = Debug;
		};
		3F0A8F7C2894FFC8009C8BEE /* Release */ = {
			isa = XCBuildConfiguration;
			buildSettings = {
				ALWAYS_SEARCH_USER_PATHS = NO;
				CLANG_ANALYZER_LOCALIZABILITY_NONLOCALIZED = YES;
				CLANG_ANALYZER_NONNULL = YES;
				CLANG_ANALYZER_NUMBER_OBJECT_CONVERSION = YES_AGGRESSIVE;
				CLANG_CXX_LANGUAGE_STANDARD = "gnu++14";
				CLANG_CXX_LIBRARY = "libc++";
				CLANG_ENABLE_MODULES = YES;
				CLANG_ENABLE_OBJC_ARC = YES;
				CLANG_ENABLE_OBJC_WEAK = YES;
				CLANG_WARN_BLOCK_CAPTURE_AUTORELEASING = YES;
				CLANG_WARN_BOOL_CONVERSION = YES;
				CLANG_WARN_COMMA = YES;
				CLANG_WARN_CONSTANT_CONVERSION = YES;
				CLANG_WARN_DEPRECATED_OBJC_IMPLEMENTATIONS = YES;
				CLANG_WARN_DIRECT_OBJC_ISA_USAGE = YES_ERROR;
				CLANG_WARN_DOCUMENTATION_COMMENTS = YES;
				CLANG_WARN_EMPTY_BODY = YES;
				CLANG_WARN_ENUM_CONVERSION = YES;
				CLANG_WARN_INFINITE_RECURSION = YES;
				CLANG_WARN_INT_CONVERSION = YES;
				CLANG_WARN_NON_LITERAL_NULL_CONVERSION = YES;
				CLANG_WARN_OBJC_IMPLICIT_RETAIN_SELF = YES;
				CLANG_WARN_OBJC_LITERAL_CONVERSION = YES;
				CLANG_WARN_OBJC_ROOT_CLASS = YES_ERROR;
				CLANG_WARN_QUOTED_INCLUDE_IN_FRAMEWORK_HEADER = YES;
				CLANG_WARN_RANGE_LOOP_ANALYSIS = YES;
				CLANG_WARN_STRICT_PROTOTYPES = YES;
				CLANG_WARN_SUSPICIOUS_MOVE = YES;
				CLANG_WARN_UNGUARDED_AVAILABILITY = YES_AGGRESSIVE;
				CLANG_WARN_UNREACHABLE_CODE = YES;
				CLANG_WARN__DUPLICATE_METHOD_MATCH = YES;
				COPY_PHASE_STRIP = NO;
				DEBUG_INFORMATION_FORMAT = "dwarf-with-dsym";
				ENABLE_NS_ASSERTIONS = NO;
				ENABLE_STRICT_OBJC_MSGSEND = YES;
				GCC_C_LANGUAGE_STANDARD = gnu11;
				GCC_NO_COMMON_BLOCKS = YES;
				GCC_WARN_64_TO_32_BIT_CONVERSION = YES;
				GCC_WARN_ABOUT_RETURN_TYPE = YES_ERROR;
				GCC_WARN_UNDECLARED_SELECTOR = YES;
				GCC_WARN_UNINITIALIZED_AUTOS = YES_AGGRESSIVE;
				GCC_WARN_UNUSED_FUNCTION = YES;
				GCC_WARN_UNUSED_VARIABLE = YES;
				IPHONEOS_DEPLOYMENT_TARGET = 14.4;
				MTL_ENABLE_DEBUG_INFO = NO;
				MTL_FAST_MATH = YES;
				SDKROOT = iphoneos;
				VALIDATE_PRODUCT = YES;
			};
			name = Release;
		};
		3F0A8F7E2894FFC8009C8BEE /* Debug */ = {
			isa = XCBuildConfiguration;
			baseConfigurationReference = 36A304E9FBBEB1590B2B546E /* Pods-ExampleProject.debug.xcconfig */;
			buildSettings = {
				ASSETCATALOG_COMPILER_APPICON_NAME = AppIcon;
				ASSETCATALOG_COMPILER_GLOBAL_ACCENT_COLOR_NAME = AccentColor;
				CODE_SIGN_ENTITLEMENTS = ExampleProject/ExampleProject.entitlements;
				CODE_SIGN_IDENTITY = "Apple Development";
				CODE_SIGN_STYLE = Automatic;
				CURRENT_PROJECT_VERSION = 1;
				DEBUG_INFORMATION_FORMAT = "dwarf-with-dsym";
				DEVELOPMENT_TEAM = KBHDP222FK;
				GCC_PREFIX_HEADER = "$(PROJECT_DIR)/$(PROJECT_NAME)/PrefixHeader.pch";
				INFOPLIST_FILE = ExampleProject/Info.plist;
				IPHONEOS_DEPLOYMENT_TARGET = 10.0;
				LD_RUNPATH_SEARCH_PATHS = (
					"$(inherited)",
					"@executable_path/Frameworks",
				);
				MARKETING_VERSION = 1.0;
				OTHER_LDFLAGS = "$(inherited)";
				PRODUCT_BUNDLE_IDENTIFIER = com.sayaDev.ExampleProject.demo;
				PRODUCT_NAME = "$(TARGET_NAME)";
				PROVISIONING_PROFILE_SPECIFIER = "";
				SUPPORTS_MACCATALYST = YES;
				TARGETED_DEVICE_FAMILY = "1,2,6";
			};
			name = Debug;
		};
		3F0A8F7F2894FFC8009C8BEE /* Release */ = {
			isa = XCBuildConfiguration;
			baseConfigurationReference = 81FEDAB17A2C302FE49577DB /* Pods-ExampleProject.release.xcconfig */;
			buildSettings = {
				ASSETCATALOG_COMPILER_APPICON_NAME = AppIcon;
				ASSETCATALOG_COMPILER_GLOBAL_ACCENT_COLOR_NAME = AccentColor;
				CODE_SIGN_ENTITLEMENTS = ExampleProject/ExampleProject.entitlements;
				CODE_SIGN_IDENTITY = "Apple Development";
				CODE_SIGN_STYLE = Automatic;
				CURRENT_PROJECT_VERSION = 1;
				DEBUG_INFORMATION_FORMAT = "dwarf-with-dsym";
				DEVELOPMENT_TEAM = KBHDP222FK;
				GCC_PREFIX_HEADER = "$(PROJECT_DIR)/$(PROJECT_NAME)/PrefixHeader.pch";
				INFOPLIST_FILE = ExampleProject/Info.plist;
				IPHONEOS_DEPLOYMENT_TARGET = 10.0;
				LD_RUNPATH_SEARCH_PATHS = (
					"$(inherited)",
					"@executable_path/Frameworks",
				);
				MARKETING_VERSION = 1.0;
				OTHER_LDFLAGS = "$(inherited)";
				PRODUCT_BUNDLE_IDENTIFIER = com.sayaDev.ExampleProject.demo;
				PRODUCT_NAME = "$(TARGET_NAME)";
				PROVISIONING_PROFILE_SPECIFIER = "";
				SUPPORTS_MACCATALYST = YES;
				TARGETED_DEVICE_FAMILY = "1,2,6";
			};
			name = Release;
		};
/* End XCBuildConfiguration section */

/* Begin XCConfigurationList section */
		3F0A8F5F2894FFBE009C8BEE /* Build configuration list for PBXProject "ExampleProject" */ = {
			isa = XCConfigurationList;
			buildConfigurations = (
				3F0A8F7B2894FFC8009C8BEE /* Debug */,
				3F0A8F7C2894FFC8009C8BEE /* Release */,
			);
			defaultConfigurationIsVisible = 0;
			defaultConfigurationName = Release;
		};
		3F0A8F7D2894FFC8009C8BEE /* Build configuration list for PBXNativeTarget "ExampleProject" */ = {
			isa = XCConfigurationList;
			buildConfigurations = (
				3F0A8F7E2894FFC8009C8BEE /* Debug */,
				3F0A8F7F2894FFC8009C8BEE /* Release */,
			);
			defaultConfigurationIsVisible = 0;
			defaultConfigurationName = Release;
		};
/* End XCConfigurationList section */

/* Begin XCVersionGroup section */
		3F7EDDA22A1783D0003EBBEB /* CoreDataModel.xcdatamodeld */ = {
			isa = XCVersionGroup;
			children = (
				3F7EDDA32A1783D0003EBBEB /* CoreDataModel.xcdatamodel */,
			);
			currentVersion = 3F7EDDA32A1783D0003EBBEB /* CoreDataModel.xcdatamodel */;
			path = CoreDataModel.xcdatamodeld;
			sourceTree = "<group>";
			versionGroupType = wrapper.xcdatamodel;
		};
/* End XCVersionGroup section */
	};
	rootObject = 3F0A8F5C2894FFBE009C8BEE /* Project object */;
}
