// !$*UTF8*$!
{
	archiveVersion = 1;
	classes = {
	};
	objectVersion = 50;
	objects = {

/* Begin PBXBuildFile section */
		3FDAB2A22625CBAF00699E8F /* AppDelegate.m in Sources */ = {isa = PBXBuildFile; fileRef = 3FDAB2A12625CBAF00699E8F /* AppDelegate.m */; };
		3FDAB2A52625CBAF00699E8F /* SceneDelegate.m in Sources */ = {isa = PBXBuildFile; fileRef = 3FDAB2A42625CBAF00699E8F /* SceneDelegate.m */; };
		3FDAB2A82625CBAF00699E8F /* ViewController.m in Sources */ = {isa = PBXBuildFile; fileRef = 3FDAB2A72625CBAF00699E8F /* ViewController.m */; };
		3FDAB2AB2625CBAF00699E8F /* Main.storyboard in Resources */ = {isa = PBXBuildFile; fileRef = 3FDAB2A92625CBAF00699E8F /* Main.storyboard */; };
		3FDAB2AD2625CBBA00699E8F /* Assets.xcassets in Resources */ = {isa = PBXBuildFile; fileRef = 3FDAB2AC2625CBBA00699E8F /* Assets.xcassets */; };
		3FDAB2B02625CBBA00699E8F /* LaunchScreen.storyboard in Resources */ = {isa = PBXBuildFile; fileRef = 3FDAB2AE2625CBBA00699E8F /* LaunchScreen.storyboard */; };
		3FDAB2B32625CBBA00699E8F /* main.m in Sources */ = {isa = PBXBuildFile; fileRef = 3FDAB2B22625CBBA00699E8F /* main.m */; };
/* End PBXBuildFile section */

/* Begin PBXFileReference section */
		3FDAB29D2625CBAF00699E8F /* SignInApple.app */ = {isa = PBXFileReference; explicitFileType = wrapper.application; includeInIndex = 0; path = SignInApple.app; sourceTree = BUILT_PRODUCTS_DIR; };
		3FDAB2A02625CBAF00699E8F /* AppDelegate.h */ = {isa = PBXFileReference; lastKnownFileType = sourcecode.c.h; path = AppDelegate.h; sourceTree = "<group>"; };
		3FDAB2A12625CBAF00699E8F /* AppDelegate.m */ = {isa = PBXFileReference; lastKnownFileType = sourcecode.c.objc; path = AppDelegate.m; sourceTree = "<group>"; };
		3FDAB2A32625CBAF00699E8F /* SceneDelegate.h */ = {isa = PBXFileReference; lastKnownFileType = sourcecode.c.h; path = SceneDelegate.h; sourceTree = "<group>"; };
		3FDAB2A42625CBAF00699E8F /* SceneDelegate.m */ = {isa = PBXFileReference; lastKnownFileType = sourcecode.c.objc; path = SceneDelegate.m; sourceTree = "<group>"; };
		3FDAB2A62625CBAF00699E8F /* ViewController.h */ = {isa = PBXFileReference; lastKnownFileType = sourcecode.c.h; path = ViewController.h; sourceTree = "<group>"; };
		3FDAB2A72625CBAF00699E8F /* ViewController.m */ = {isa = PBXFileReference; lastKnownFileType = sourcecode.c.objc; path = ViewController.m; sourceTree = "<group>"; };
		3FDAB2AA2625CBAF00699E8F /* Base */ = {isa = PBXFileReference; lastKnownFileType = file.storyboard; name = Base; path = Base.lproj/Main.storyboard; sourceTree = "<group>"; };
		3FDAB2AC2625CBBA00699E8F /* Assets.xcassets */ = {isa = PBXFileReference; lastKnownFileType = folder.assetcatalog; path = Assets.xcassets; sourceTree = "<group>"; };
		3FDAB2AF2625CBBA00699E8F /* Base */ = {isa = PBXFileReference; lastKnownFileType = file.storyboard; name = Base; path = Base.lproj/LaunchScreen.storyboard; sourceTree = "<group>"; };
		3FDAB2B12625CBBA00699E8F /* Info.plist */ = {isa = PBXFileReference; lastKnownFileType = text.plist.xml; path = Info.plist; sourceTree = "<group>"; };
		3FDAB2B22625CBBA00699E8F /* main.m */ = {isa = PBXFileReference; lastKnownFileType = sourcecode.c.objc; path = main.m; sourceTree = "<group>"; };
		3FE4F3DB2626051D00E0DFE5 /* SignInApple.entitlements */ = {isa = PBXFileReference; lastKnownFileType = text.plist.entitlements; path = SignInApple.entitlements; sourceTree = "<group>"; };
/* End PBXFileReference section */

/* Begin PBXFrameworksBuildPhase section */
		3FDAB29A2625CBAF00699E8F /* Frameworks */ = {
			isa = PBXFrameworksBuildPhase;
			buildActionMask = 2147483647;
			files = (
			);
			runOnlyForDeploymentPostprocessing = 0;
		};
/* End PBXFrameworksBuildPhase section */

/* Begin PBXGroup section */
		3FDAB2942625CBAF00699E8F = {
			isa = PBXGroup;
			children = (
				3FDAB29F2625CBAF00699E8F /* SignInApple */,
				3FDAB29E2625CBAF00699E8F /* Products */,
			);
			sourceTree = "<group>";
		};
		3FDAB29E2625CBAF00699E8F /* Products */ = {
			isa = PBXGroup;
			children = (
				3FDAB29D2625CBAF00699E8F /* SignInApple.app */,
			);
			name = Products;
			sourceTree = "<group>";
		};
		3FDAB29F2625CBAF00699E8F /* SignInApple */ = {
			isa = PBXGroup;
			children = (
				3FE4F3DB2626051D00E0DFE5 /* SignInApple.entitlements */,
				3FDAB2A02625CBAF00699E8F /* AppDelegate.h */,
				3FDAB2A12625CBAF00699E8F /* AppDelegate.m */,
				3FDAB2A32625CBAF00699E8F /* SceneDelegate.h */,
				3FDAB2A42625CBAF00699E8F /* SceneDelegate.m */,
				3FDAB2A62625CBAF00699E8F /* ViewController.h */,
				3FDAB2A72625CBAF00699E8F /* ViewController.m */,
				3FDAB2A92625CBAF00699E8F /* Main.storyboard */,
				3FDAB2AC2625CBBA00699E8F /* Assets.xcassets */,
				3FDAB2AE2625CBBA00699E8F /* LaunchScreen.storyboard */,
				3FDAB2B12625CBBA00699E8F /* Info.plist */,
				3FDAB2B22625CBBA00699E8F /* main.m */,
			);
			path = SignInApple;
			sourceTree = "<group>";
		};
/* End PBXGroup section */

/* Begin PBXNativeTarget section */
		3FDAB29C2625CBAF00699E8F /* SignInApple */ = {
			isa = PBXNativeTarget;
			buildConfigurationList = 3FDAB2B62625CBBA00699E8F /* Build configuration list for PBXNativeTarget "SignInApple" */;
			buildPhases = (
				3FDAB2992625CBAF00699E8F /* Sources */,
				3FDAB29A2625CBAF00699E8F /* Frameworks */,
				3FDAB29B2625CBAF00699E8F /* Resources */,
			);
			buildRules = (
			);
			dependencies = (
			);
			name = SignInApple;
			productName = SignInApple;
			productReference = 3FDAB29D2625CBAF00699E8F /* SignInApple.app */;
			productType = "com.apple.product-type.application";
		};
/* End PBXNativeTarget section */

/* Begin PBXProject section */
		3FDAB2952625CBAF00699E8F /* Project object */ = {
			isa = PBXProject;
			attributes = {
				LastUpgradeCheck = 1240;
				TargetAttributes = {
					3FDAB29C2625CBAF00699E8F = {
						CreatedOnToolsVersion = 12.4;
					};
				};
			};
			buildConfigurationList = 3FDAB2982625CBAF00699E8F /* Build configuration list for PBXProject "SignInApple" */;
			compatibilityVersion = "Xcode 9.3";
			developmentRegion = en;
			hasScannedForEncodings = 0;
			knownRegions = (
				en,
				Base,
			);
			mainGroup = 3FDAB2942625CBAF00699E8F;
			productRefGroup = 3FDAB29E2625CBAF00699E8F /* Products */;
			projectDirPath = "";
			projectRoot = "";
			targets = (
				3FDAB29C2625CBAF00699E8F /* SignInApple */,
			);
		};
/* End PBXProject section */

/* Begin PBXResourcesBuildPhase section */
		3FDAB29B2625CBAF00699E8F /* Resources */ = {
			isa = PBXResourcesBuildPhase;
			buildActionMask = 2147483647;
			files = (
				3FDAB2B02625CBBA00699E8F /* LaunchScreen.storyboard in Resources */,
				3FDAB2AD2625CBBA00699E8F /* Assets.xcassets in Resources */,
				3FDAB2AB2625CBAF00699E8F /* Main.storyboard in Resources */,
			);
			runOnlyForDeploymentPostprocessing = 0;
		};
/* End PBXResourcesBuildPhase section */

/* Begin PBXSourcesBuildPhase section */
		3FDAB2992625CBAF00699E8F /* Sources */ = {
			isa = PBXSourcesBuildPhase;
			buildActionMask = 2147483647;
			files = (
				3FDAB2A82625CBAF00699E8F /* ViewController.m in Sources */,
				3FDAB2A22625CBAF00699E8F /* AppDelegate.m in Sources */,
				3FDAB2B32625CBBA00699E8F /* main.m in Sources */,
				3FDAB2A52625CBAF00699E8F /* SceneDelegate.m in Sources */,
			);
			runOnlyForDeploymentPostprocessing = 0;
		};
/* End PBXSourcesBuildPhase section */

/* Begin PBXVariantGroup section */
		3FDAB2A92625CBAF00699E8F /* Main.storyboard */ = {
			isa = PBXVariantGroup;
			children = (
				3FDAB2AA2625CBAF00699E8F /* Base */,
			);
			name = Main.storyboard;
			sourceTree = "<group>";
		};
		3FDAB2AE2625CBBA00699E8F /* LaunchScreen.storyboard */ = {
			isa = PBXVariantGroup;
			children = (
				3FDAB2AF2625CBBA00699E8F /* Base */,
			);
			name = LaunchScreen.storyboard;
			sourceTree = "<group>";
		};
/* End PBXVariantGroup section */

/* Begin XCBuildConfiguration section */
		3FDAB2B42625CBBA00699E8F /* Debug */ = {
			isa = XCBuildConfiguration;
			buildSettings = {
				ALWAYS_SEARCH_USER_PATHS = NO;
				CLANG_ANALYZER_NONNULL = YES;
				CLANG_ANALYZER_NUMBER_OBJECT_CONVERSION = YES_AGGRESSIVE;
				CLANG_CXX_LANGUAGE_STANDARD = "gnu++14";
				CLANG_CXX_LIBRARY = "libc++";
				CLANG_ENABLE_MODULES = YES;
				CLANG_ENABLE_OBJC_ARC = YES;
				CLANG_ENABLE_OBJC_WEAK = YES;
				CLANG_WARN_BLOCK_CAPTURE_AUTORELEASING = YES;
				CLANG_WARN_BOOL_CONVERSION = YES;
				CLANG_WARN_COMMA = YES;
				CLANG_WARN_CONSTANT_CONVERSION = YES;
				CLANG_WARN_DEPRECATED_OBJC_IMPLEMENTATIONS = YES;
				CLANG_WARN_DIRECT_OBJC_ISA_USAGE = YES_ERROR;
				CLANG_WARN_DOCUMENTATION_COMMENTS = YES;
				CLANG_WARN_EMPTY_BODY = YES;
				CLANG_WARN_ENUM_CONVERSION = YES;
				CLANG_WARN_INFINITE_RECURSION = YES;
				CLANG_WARN_INT_CONVERSION = YES;
				CLANG_WARN_NON_LITERAL_NULL_CONVERSION = YES;
				CLANG_WARN_OBJC_IMPLICIT_RETAIN_SELF = YES;
				CLANG_WARN_OBJC_LITERAL_CONVERSION = YES;
				CLANG_WARN_OBJC_ROOT_CLASS = YES_ERROR;
				CLANG_WARN_QUOTED_INCLUDE_IN_FRAMEWORK_HEADER = YES;
				CLANG_WARN_RANGE_LOOP_ANALYSIS = YES;
				CLANG_WARN_STRICT_PROTOTYPES = YES;
				CLANG_WARN_SUSPICIOUS_MOVE = YES;
				CLANG_WARN_UNGUARDED_AVAILABILITY = YES_AGGRESSIVE;
				CLANG_WARN_UNREACHABLE_CODE = YES;
				CLANG_WARN__DUPLICATE_METHOD_MATCH = YES;
				COPY_PHASE_STRIP = NO;
				DEBUG_INFORMATION_FORMAT = dwarf;
				ENABLE_STRICT_OBJC_MSGSEND = YES;
				ENABLE_TESTABILITY = YES;
				GCC_C_LANGUAGE_STANDARD = gnu11;
				GCC_DYNAMIC_NO_PIC = NO;
				GCC_NO_COMMON_BLOCKS = YES;
				GCC_OPTIMIZATION_LEVEL = 0;
				GCC_PREPROCESSOR_DEFINITIONS = (
					"DEBUG=1",
					"$(inherited)",
				);
				GCC_WARN_64_TO_32_BIT_CONVERSION = YES;
				GCC_WARN_ABOUT_RETURN_TYPE = YES_ERROR;
				GCC_WARN_UNDECLARED_SELECTOR = YES;
				GCC_WARN_UNINITIALIZED_AUTOS = YES_AGGRESSIVE;
				GCC_WARN_UNUSED_FUNCTION = YES;
				GCC_WARN_UNUSED_VARIABLE = YES;
				IPHONEOS_DEPLOYMENT_TARGET = 14.4;
				MTL_ENABLE_DEBUG_INFO = INCLUDE_SOURCE;
				MTL_FAST_MATH = YES;
				ONLY_ACTIVE_ARCH = YES;
				SDKROOT = iphoneos;
			};
			name = Debug;
		};
		3FDAB2B52625CBBA00699E8F /* Release */ = {
			isa = XCBuildConfiguration;
			buildSettings = {
				ALWAYS_SEARCH_USER_PATHS = NO;
				CLANG_ANALYZER_NONNULL = YES;
				CLANG_ANALYZER_NUMBER_OBJECT_CONVERSION = YES_AGGRESSIVE;
				CLANG_CXX_LANGUAGE_STANDARD = "gnu++14";
				CLANG_CXX_LIBRARY = "libc++";
				CLANG_ENABLE_MODULES = YES;
				CLANG_ENABLE_OBJC_ARC = YES;
				CLANG_ENABLE_OBJC_WEAK = YES;
				CLANG_WARN_BLOCK_CAPTURE_AUTORELEASING = YES;
				CLANG_WARN_BOOL_CONVERSION = YES;
				CLANG_WARN_COMMA = YES;
				CLANG_WARN_CONSTANT_CONVERSION = YES;
				CLANG_WARN_DEPRECATED_OBJC_IMPLEMENTATIONS = YES;
				CLANG_WARN_DIRECT_OBJC_ISA_USAGE = YES_ERROR;
				CLANG_WARN_DOCUMENTATION_COMMENTS = YES;
				CLANG_WARN_EMPTY_BODY = YES;
				CLANG_WARN_ENUM_CONVERSION = YES;
				CLANG_WARN_INFINITE_RECURSION = YES;
				CLANG_WARN_INT_CONVERSION = YES;
				CLANG_WARN_NON_LITERAL_NULL_CONVERSION = YES;
				CLANG_WARN_OBJC_IMPLICIT_RETAIN_SELF = YES;
				CLANG_WARN_OBJC_LITERAL_CONVERSION = YES;
				CLANG_WARN_OBJC_ROOT_CLASS = YES_ERROR;
				CLANG_WARN_QUOTED_INCLUDE_IN_FRAMEWORK_HEADER = YES;
				CLANG_WARN_RANGE_LOOP_ANALYSIS = YES;
				CLANG_WARN_STRICT_PROTOTYPES = YES;
				CLANG_WARN_SUSPICIOUS_MOVE = YES;
				CLANG_WARN_UNGUARDED_AVAILABILITY = YES_AGGRESSIVE;
				CLANG_WARN_UNREACHABLE_CODE = YES;
				CLANG_WARN__DUPLICATE_METHOD_MATCH = YES;
				COPY_PHASE_STRIP = NO;
				DEBUG_INFORMATION_FORMAT = "dwarf-with-dsym";
				ENABLE_NS_ASSERTIONS = NO;
				ENABLE_STRICT_OBJC_MSGSEND = YES;
				GCC_C_LANGUAGE_STANDARD = gnu11;
				GCC_NO_COMMON_BLOCKS = YES;
				GCC_WARN_64_TO_32_BIT_CONVERSION = YES;
				GCC_WARN_ABOUT_RETURN_TYPE = YES_ERROR;
				GCC_WARN_UNDECLARED_SELECTOR = YES;
				GCC_WARN_UNINITIALIZED_AUTOS = YES_AGGRESSIVE;
				GCC_WARN_UNUSED_FUNCTION = YES;
				GCC_WARN_UNUSED_VARIABLE = YES;
				IPHONEOS_DEPLOYMENT_TARGET = 14.4;
				MTL_ENABLE_DEBUG_INFO = NO;
				MTL_FAST_MATH = YES;
				SDKROOT = iphoneos;
				VALIDATE_PRODUCT = YES;
			};
			name = Release;
		};
		3FDAB2B72625CBBA00699E8F /* Debug */ = {
			isa = XCBuildConfiguration;
			buildSettings = {
				ASSETCATALOG_COMPILER_APPICON_NAME = AppIcon;
				ASSETCATALOG_COMPILER_GLOBAL_ACCENT_COLOR_NAME = AccentColor;
				CODE_SIGN_ENTITLEMENTS = SignInApple/SignInApple.entitlements;
				CODE_SIGN_STYLE = Automatic;
				DEVELOPMENT_TEAM = "";
				INFOPLIST_FILE = SignInApple/Info.plist;
				IPHONEOS_DEPLOYMENT_TARGET = 11.0;
				LD_RUNPATH_SEARCH_PATHS = (
					"$(inherited)",
					"@executable_path/Frameworks",
				);
				PRODUCT_BUNDLE_IDENTIFIER = com.sayaDev.SignInApple;
				PRODUCT_NAME = "$(TARGET_NAME)";
				SUPPORTS_MACCATALYST = YES;
				TARGETED_DEVICE_FAMILY = "1,2";
			};
			name = Debug;
		};
		3FDAB2B82625CBBA00699E8F /* Release */ = {
			isa = XCBuildConfiguration;
			buildSettings = {
				ASSETCATALOG_COMPILER_APPICON_NAME = AppIcon;
				ASSETCATALOG_COMPILER_GLOBAL_ACCENT_COLOR_NAME = AccentColor;
				CODE_SIGN_ENTITLEMENTS = SignInApple/SignInApple.entitlements;
				CODE_SIGN_STYLE = Automatic;
				DEVELOPMENT_TEAM = "";
				INFOPLIST_FILE = SignInApple/Info.plist;
				IPHONEOS_DEPLOYMENT_TARGET = 11.0;
				LD_RUNPATH_SEARCH_PATHS = (
					"$(inherited)",
					"@executable_path/Frameworks",
				);
				PRODUCT_BUNDLE_IDENTIFIER = com.sayaDev.SignInApple;
				PRODUCT_NAME = "$(TARGET_NAME)";
				SUPPORTS_MACCATALYST = YES;
				TARGETED_DEVICE_FAMILY = "1,2";
			};
			name = Release;
		};
/* End XCBuildConfiguration section */

/* Begin XCConfigurationList section */
		3FDAB2982625CBAF00699E8F /* Build configuration list for PBXProject "SignInApple" */ = {
			isa = XCConfigurationList;
			buildConfigurations = (
				3FDAB2B42625CBBA00699E8F /* Debug */,
				3FDAB2B52625CBBA00699E8F /* Release */,
			);
			defaultConfigurationIsVisible = 0;
			defaultConfigurationName = Release;
		};
		3FDAB2B62625CBBA00699E8F /* Build configuration list for PBXNativeTarget "SignInApple" */ = {
			isa = XCConfigurationList;
			buildConfigurations = (
				3FDAB2B72625CBBA00699E8F /* Debug */,
				3FDAB2B82625CBBA00699E8F /* Release */,
			);
			defaultConfigurationIsVisible = 0;
			defaultConfigurationName = Release;
		};
/* End XCConfigurationList section */
	};
	rootObject = 3FDAB2952625CBAF00699E8F /* Project object */;
}
